PODS:
  - IGListKit (1.0.0)

DEPENDENCIES:
  - IGListKit (from `../../IGListKit.podspec`)

EXTERNAL SOURCES:
  IGListKit:
    :path: "../../IGListKit.podspec"

SPEC CHECKSUMS:
  IGListKit: 3098cedaa7cf89b5204dcd2c7cf1e9231c09178d

PODFILE CHECKSUM: 1c6e95fa41b8dad60a4f701a82d85b3b49e979b8

COCOAPODS: 1.1.1
