PODS:
  - IGListDiffKit (4.1.0)

DEPENDENCIES:
  - IGListDiffKit (from `../../IGListDiffKit.podspec`)

EXTERNAL SOURCES:
  IGListDiffKit:
    :path: "../../IGListDiffKit.podspec"

SPEC CHECKSUMS:
  IGListDiffKit: 7d70583ef1f7883b23b40a21051844c6036128ca

PODFILE CHECKSUM: a5e65f00463ec091d58ee2241126ab30f6d2ee69

COCOAPODS: 1.8.4
