PODS:
  - IGListKit (3.4.0):
    - IGListKit/Default (= 3.4.0)
  - IGListKit/Default (3.4.0):
    - IGListKit/Diffing
  - IGListKit/Diffing (3.4.0)

DEPENDENCIES:
  - IGListKit (from `../../IGListKit.podspec`)

EXTERNAL SOURCES:
  IGListKit:
    :path: "../../IGListKit.podspec"

SPEC CHECKSUMS:
  IGListKit: 7a5d788e9fb746bcd402baa8e8b24bc3bd2a5a07

PODFILE CHECKSUM: b2d4196e45c2a81ef18daa376d33978bf335df7c

COCOAPODS: 1.6.1
