// !$*UTF8*$!
{
   archiveVersion = "1";
   objectVersion = "46";
   objects = {
      "IGListKit::IGListDiffKit" = {
         isa = "PBXNativeTarget";
         buildConfigurationList = "OBJ_119";
         buildPhases = (
            "OBJ_122",
            "OBJ_131",
            "OBJ_146"
         );
         dependencies = (
         );
         name = "IGListDiffKit";
         productName = "IGListDiffKit";
         productReference = "IGListKit::IGListDiffKit::Product";
         productType = "com.apple.product-type.framework";
      };
      "IGListKit::IGListDiffKit::Product" = {
         isa = "PBXFileReference";
         path = "IGListDiffKit.framework";
         sourceTree = "BUILT_PRODUCTS_DIR";
      };
      "IGListKit::IGListKit" = {
         isa = "PBXNativeTarget";
         buildConfigurationList = "OBJ_148";
         buildPhases = (
            "OBJ_151",
            "OBJ_186",
            "OBJ_218"
         );
         dependencies = (
            "OBJ_220"
         );
         name = "IGListKit";
         productName = "IGListKit";
         productReference = "IGListKit::IGListKit::Product";
         productType = "com.apple.product-type.framework";
      };
      "IGListKit::IGListKit::Product" = {
         isa = "PBXFileReference";
         path = "IGListKit.framework";
         sourceTree = "BUILT_PRODUCTS_DIR";
      };
      "IGListKit::IGListSwiftKit" = {
         isa = "PBXNativeTarget";
         buildConfigurationList = "OBJ_228";
         buildPhases = (
            "OBJ_231",
            "OBJ_236"
         );
         dependencies = (
            "OBJ_239",
            "OBJ_240"
         );
         name = "IGListSwiftKit";
         productName = "IGListSwiftKit";
         productReference = "IGListKit::IGListSwiftKit::Product";
         productType = "com.apple.product-type.framework";
      };
      "IGListKit::IGListSwiftKit::Product" = {
         isa = "PBXFileReference";
         path = "IGListSwiftKit.framework";
         sourceTree = "BUILT_PRODUCTS_DIR";
      };
      "IGListKit::SwiftPMPackageDescription" = {
         isa = "PBXNativeTarget";
         buildConfigurationList = "OBJ_222";
         buildPhases = (
            "OBJ_225"
         );
         dependencies = (
         );
         name = "IGListKitPackageDescription";
         productName = "IGListKitPackageDescription";
         productType = "com.apple.product-type.framework";
      };
      "OBJ_1" = {
         isa = "PBXProject";
         attributes = {
            LastSwiftMigration = "9999";
            LastUpgradeCheck = "9999";
         };
         buildConfigurationList = "OBJ_2";
         compatibilityVersion = "Xcode 3.2";
         developmentRegion = "en";
         hasScannedForEncodings = "0";
         knownRegions = (
            "en"
         );
         mainGroup = "OBJ_5";
         productRefGroup = "OBJ_105";
         projectDirPath = ".";
         targets = (
            "IGListKit::IGListDiffKit",
            "IGListKit::IGListKit",
            "IGListKit::SwiftPMPackageDescription",
            "IGListKit::IGListSwiftKit"
         );
      };
      "OBJ_10" = {
         isa = "PBXFileReference";
         path = "IGListDiff.mm";
         sourceTree = "<group>";
      };
      "OBJ_100" = {
         isa = "PBXFileReference";
         path = "IGListCollectionContext+Refinements.swift";
         sourceTree = "<group>";
      };
      "OBJ_101" = {
         isa = "PBXFileReference";
         path = "IGListSingleSectionController+Refinements.swift";
         sourceTree = "<group>";
      };
      "OBJ_102" = {
         isa = "PBXFileReference";
         path = "ListIdentifiable.swift";
         sourceTree = "<group>";
      };
      "OBJ_103" = {
         isa = "PBXFileReference";
         path = "ListValueSectionController.swift";
         sourceTree = "<group>";
      };
      "OBJ_104" = {
         isa = "PBXGroup";
         children = (
         );
         name = "Tests";
         path = "";
         sourceTree = "SOURCE_ROOT";
      };
      "OBJ_105" = {
         isa = "PBXGroup";
         children = (
            "IGListKit::IGListDiffKit::Product",
            "IGListKit::IGListKit::Product",
            "IGListKit::IGListSwiftKit::Product"
         );
         name = "Products";
         path = "";
         sourceTree = "BUILT_PRODUCTS_DIR";
      };
      "OBJ_109" = {
         isa = "PBXFileReference";
         path = "spm";
         sourceTree = "SOURCE_ROOT";
      };
      "OBJ_11" = {
         isa = "PBXFileReference";
         path = "IGListIndexPathResult.m";
         sourceTree = "<group>";
      };
      "OBJ_110" = {
         isa = "PBXFileReference";
         path = "Resources";
         sourceTree = "SOURCE_ROOT";
      };
      "OBJ_111" = {
         isa = "PBXFileReference";
         path = "docs";
         sourceTree = "SOURCE_ROOT";
      };
      "OBJ_112" = {
         isa = "PBXFileReference";
         path = "remodel-plugin";
         sourceTree = "SOURCE_ROOT";
      };
      "OBJ_113" = {
         isa = "PBXFileReference";
         path = "Pods";
         sourceTree = "SOURCE_ROOT";
      };
      "OBJ_114" = {
         isa = "PBXFileReference";
         path = "Guides";
         sourceTree = "SOURCE_ROOT";
      };
      "OBJ_115" = {
         isa = "PBXFileReference";
         path = "Examples";
         sourceTree = "SOURCE_ROOT";
      };
      "OBJ_116" = {
         isa = "PBXFileReference";
         path = "scripts";
         sourceTree = "SOURCE_ROOT";
      };
      "OBJ_117" = {
         isa = "PBXFileReference";
         path = "IGListKit.xcworkspace";
         sourceTree = "SOURCE_ROOT";
      };
      "OBJ_119" = {
         isa = "XCConfigurationList";
         buildConfigurations = (
            "OBJ_120",
            "OBJ_121"
         );
         defaultConfigurationIsVisible = "0";
         defaultConfigurationName = "Release";
      };
      "OBJ_12" = {
         isa = "PBXFileReference";
         path = "IGListIndexSetResult.m";
         sourceTree = "<group>";
      };
      "OBJ_120" = {
         isa = "XCBuildConfiguration";
         buildSettings = {
            CLANG_CXX_LANGUAGE_STANDARD = "c++11";
            CLANG_ENABLE_MODULES = "YES";
            CURRENT_PROJECT_VERSION = "1";
            DEFINES_MODULE = "YES";
            ENABLE_TESTABILITY = "YES";
            FRAMEWORK_SEARCH_PATHS = (
               "$(inherited)",
               "$(PLATFORM_DIR)/Developer/Library/Frameworks"
            );
            GCC_C_LANGUAGE_STANDARD = "c11";
            HEADER_SEARCH_PATHS = (
               "$(inherited)",
               "$(SRCROOT)/spm/Sources/IGListDiffKit/include"
            );
            INFOPLIST_FILE = "IGListKit.xcodeproj/IGListDiffKit_Info.plist";
            IPHONEOS_DEPLOYMENT_TARGET = "9.0";
            LD_RUNPATH_SEARCH_PATHS = (
               "$(inherited)",
               "$(TOOLCHAIN_DIR)/usr/lib/swift/macosx"
            );
            MACOSX_DEPLOYMENT_TARGET = "10.15";
            OTHER_CFLAGS = (
               "$(inherited)"
            );
            OTHER_LDFLAGS = (
               "$(inherited)"
            );
            OTHER_SWIFT_FLAGS = (
               "$(inherited)"
            );
            PRODUCT_BUNDLE_IDENTIFIER = "IGListDiffKit";
            PRODUCT_MODULE_NAME = "$(TARGET_NAME:c99extidentifier)";
            PRODUCT_NAME = "$(TARGET_NAME:c99extidentifier)";
            SKIP_INSTALL = "YES";
            SWIFT_ACTIVE_COMPILATION_CONDITIONS = (
               "$(inherited)"
            );
            TARGET_NAME = "IGListDiffKit";
            TVOS_DEPLOYMENT_TARGET = "9.0";
            WATCHOS_DEPLOYMENT_TARGET = "2.0";
         };
         name = "Debug";
      };
      "OBJ_121" = {
         isa = "XCBuildConfiguration";
         buildSettings = {
            CLANG_CXX_LANGUAGE_STANDARD = "c++11";
            CLANG_ENABLE_MODULES = "YES";
            CURRENT_PROJECT_VERSION = "1";
            DEFINES_MODULE = "YES";
            ENABLE_TESTABILITY = "YES";
            FRAMEWORK_SEARCH_PATHS = (
               "$(inherited)",
               "$(PLATFORM_DIR)/Developer/Library/Frameworks"
            );
            GCC_C_LANGUAGE_STANDARD = "c11";
            HEADER_SEARCH_PATHS = (
               "$(inherited)",
               "$(SRCROOT)/spm/Sources/IGListDiffKit/include"
            );
            INFOPLIST_FILE = "IGListKit.xcodeproj/IGListDiffKit_Info.plist";
            IPHONEOS_DEPLOYMENT_TARGET = "9.0";
            LD_RUNPATH_SEARCH_PATHS = (
               "$(inherited)",
               "$(TOOLCHAIN_DIR)/usr/lib/swift/macosx"
            );
            MACOSX_DEPLOYMENT_TARGET = "10.15";
            OTHER_CFLAGS = (
               "$(inherited)"
            );
            OTHER_LDFLAGS = (
               "$(inherited)"
            );
            OTHER_SWIFT_FLAGS = (
               "$(inherited)"
            );
            PRODUCT_BUNDLE_IDENTIFIER = "IGListDiffKit";
            PRODUCT_MODULE_NAME = "$(TARGET_NAME:c99extidentifier)";
            PRODUCT_NAME = "$(TARGET_NAME:c99extidentifier)";
            SKIP_INSTALL = "YES";
            SWIFT_ACTIVE_COMPILATION_CONDITIONS = (
               "$(inherited)"
            );
            TARGET_NAME = "IGListDiffKit";
            TVOS_DEPLOYMENT_TARGET = "9.0";
            WATCHOS_DEPLOYMENT_TARGET = "2.0";
         };
         name = "Release";
      };
      "OBJ_122" = {
         isa = "PBXSourcesBuildPhase";
         files = (
            "OBJ_123",
            "OBJ_124",
            "OBJ_125",
            "OBJ_126",
            "OBJ_127",
            "OBJ_128",
            "OBJ_129",
            "OBJ_130"
         );
      };
      "OBJ_123" = {
         isa = "PBXBuildFile";
         fileRef = "OBJ_9";
      };
      "OBJ_124" = {
         isa = "PBXBuildFile";
         fileRef = "OBJ_10";
      };
      "OBJ_125" = {
         isa = "PBXBuildFile";
         fileRef = "OBJ_11";
      };
      "OBJ_126" = {
         isa = "PBXBuildFile";
         fileRef = "OBJ_12";
      };
      "OBJ_127" = {
         isa = "PBXBuildFile";
         fileRef = "OBJ_13";
      };
      "OBJ_128" = {
         isa = "PBXBuildFile";
         fileRef = "OBJ_14";
      };
      "OBJ_129" = {
         isa = "PBXBuildFile";
         fileRef = "OBJ_15";
      };
      "OBJ_13" = {
         isa = "PBXFileReference";
         path = "IGListMoveIndex.m";
         sourceTree = "<group>";
      };
      "OBJ_130" = {
         isa = "PBXBuildFile";
         fileRef = "OBJ_16";
      };
      "OBJ_131" = {
         isa = "PBXHeadersBuildPhase";
         files = (
            "OBJ_132",
            "OBJ_133",
            "OBJ_134",
            "OBJ_135",
            "OBJ_136",
            "OBJ_137",
            "OBJ_138",
            "OBJ_139",
            "OBJ_140",
            "OBJ_141",
            "OBJ_142",
            "OBJ_143",
            "OBJ_144",
            "OBJ_145"
         );
      };
      "OBJ_132" = {
         isa = "PBXBuildFile";
         fileRef = "OBJ_18";
         settings = {
            ATTRIBUTES = (
               "Public"
            );
         };
      };
      "OBJ_133" = {
         isa = "PBXBuildFile";
         fileRef = "OBJ_19";
         settings = {
            ATTRIBUTES = (
               "Public"
            );
         };
      };
      "OBJ_134" = {
         isa = "PBXBuildFile";
         fileRef = "OBJ_20";
         settings = {
            ATTRIBUTES = (
               "Public"
            );
         };
      };
      "OBJ_135" = {
         isa = "PBXBuildFile";
         fileRef = "OBJ_21";
         settings = {
            ATTRIBUTES = (
               "Public"
            );
         };
      };
      "OBJ_136" = {
         isa = "PBXBuildFile";
         fileRef = "OBJ_22";
         settings = {
            ATTRIBUTES = (
               "Public"
            );
         };
      };
      "OBJ_137" = {
         isa = "PBXBuildFile";
         fileRef = "OBJ_23";
         settings = {
            ATTRIBUTES = (
               "Public"
            );
         };
      };
      "OBJ_138" = {
         isa = "PBXBuildFile";
         fileRef = "OBJ_24";
         settings = {
            ATTRIBUTES = (
               "Public"
            );
         };
      };
      "OBJ_139" = {
         isa = "PBXBuildFile";
         fileRef = "OBJ_25";
         settings = {
            ATTRIBUTES = (
               "Public"
            );
         };
      };
      "OBJ_14" = {
         isa = "PBXFileReference";
         path = "IGListMoveIndexPath.m";
         sourceTree = "<group>";
      };
      "OBJ_140" = {
         isa = "PBXBuildFile";
         fileRef = "OBJ_26";
         settings = {
            ATTRIBUTES = (
               "Public"
            );
         };
      };
      "OBJ_141" = {
         isa = "PBXBuildFile";
         fileRef = "OBJ_27";
         settings = {
            ATTRIBUTES = (
               "Public"
            );
         };
      };
      "OBJ_142" = {
         isa = "PBXBuildFile";
         fileRef = "OBJ_28";
         settings = {
            ATTRIBUTES = (
               "Public"
            );
         };
      };
      "OBJ_143" = {
         isa = "PBXBuildFile";
         fileRef = "OBJ_29";
         settings = {
            ATTRIBUTES = (
               "Public"
            );
         };
      };
      "OBJ_144" = {
         isa = "PBXBuildFile";
         fileRef = "OBJ_30";
         settings = {
            ATTRIBUTES = (
               "Public"
            );
         };
      };
      "OBJ_145" = {
         isa = "PBXBuildFile";
         fileRef = "OBJ_31";
         settings = {
            ATTRIBUTES = (
               "Public"
            );
         };
      };
      "OBJ_146" = {
         isa = "PBXFrameworksBuildPhase";
         files = (
         );
      };
      "OBJ_148" = {
         isa = "XCConfigurationList";
         buildConfigurations = (
            "OBJ_149",
            "OBJ_150"
         );
         defaultConfigurationIsVisible = "0";
         defaultConfigurationName = "Release";
      };
      "OBJ_149" = {
         isa = "XCBuildConfiguration";
         buildSettings = {
            CLANG_CXX_LANGUAGE_STANDARD = "c++11";
            CLANG_ENABLE_MODULES = "YES";
            CURRENT_PROJECT_VERSION = "1";
            DEFINES_MODULE = "YES";
            ENABLE_TESTABILITY = "YES";
            FRAMEWORK_SEARCH_PATHS = (
               "$(inherited)",
               "$(PLATFORM_DIR)/Developer/Library/Frameworks"
            );
            GCC_C_LANGUAGE_STANDARD = "c11";
            HEADER_SEARCH_PATHS = (
               "$(inherited)",
               "$(SRCROOT)/spm/Sources/IGListKit/include",
               "$(SRCROOT)/spm/Sources/IGListDiffKit/include"
            );
            INFOPLIST_FILE = "IGListKit.xcodeproj/IGListKit_Info.plist";
            IPHONEOS_DEPLOYMENT_TARGET = "9.0";
            LD_RUNPATH_SEARCH_PATHS = (
               "$(inherited)",
               "$(TOOLCHAIN_DIR)/usr/lib/swift/macosx"
            );
            MACOSX_DEPLOYMENT_TARGET = "10.15";
            OTHER_CFLAGS = (
               "$(inherited)"
            );
            OTHER_LDFLAGS = (
               "$(inherited)"
            );
            OTHER_SWIFT_FLAGS = (
               "$(inherited)"
            );
            PRODUCT_BUNDLE_IDENTIFIER = "IGListKit";
            PRODUCT_MODULE_NAME = "$(TARGET_NAME:c99extidentifier)";
            PRODUCT_NAME = "$(TARGET_NAME:c99extidentifier)";
            SKIP_INSTALL = "YES";
            SWIFT_ACTIVE_COMPILATION_CONDITIONS = (
               "$(inherited)"
            );
            TARGET_NAME = "IGListKit";
            TVOS_DEPLOYMENT_TARGET = "9.0";
            WATCHOS_DEPLOYMENT_TARGET = "2.0";
         };
         name = "Debug";
      };
      "OBJ_15" = {
         isa = "PBXFileReference";
         path = "NSNumber+IGListDiffable.m";
         sourceTree = "<group>";
      };
      "OBJ_150" = {
         isa = "XCBuildConfiguration";
         buildSettings = {
            CLANG_CXX_LANGUAGE_STANDARD = "c++11";
            CLANG_ENABLE_MODULES = "YES";
            CURRENT_PROJECT_VERSION = "1";
            DEFINES_MODULE = "YES";
            ENABLE_TESTABILITY = "YES";
            FRAMEWORK_SEARCH_PATHS = (
               "$(inherited)",
               "$(PLATFORM_DIR)/Developer/Library/Frameworks"
            );
            GCC_C_LANGUAGE_STANDARD = "c11";
            HEADER_SEARCH_PATHS = (
               "$(inherited)",
               "$(SRCROOT)/spm/Sources/IGListKit/include",
               "$(SRCROOT)/spm/Sources/IGListDiffKit/include"
            );
            INFOPLIST_FILE = "IGListKit.xcodeproj/IGListKit_Info.plist";
            IPHONEOS_DEPLOYMENT_TARGET = "9.0";
            LD_RUNPATH_SEARCH_PATHS = (
               "$(inherited)",
               "$(TOOLCHAIN_DIR)/usr/lib/swift/macosx"
            );
            MACOSX_DEPLOYMENT_TARGET = "10.15";
            OTHER_CFLAGS = (
               "$(inherited)"
            );
            OTHER_LDFLAGS = (
               "$(inherited)"
            );
            OTHER_SWIFT_FLAGS = (
               "$(inherited)"
            );
            PRODUCT_BUNDLE_IDENTIFIER = "IGListKit";
            PRODUCT_MODULE_NAME = "$(TARGET_NAME:c99extidentifier)";
            PRODUCT_NAME = "$(TARGET_NAME:c99extidentifier)";
            SKIP_INSTALL = "YES";
            SWIFT_ACTIVE_COMPILATION_CONDITIONS = (
               "$(inherited)"
            );
            TARGET_NAME = "IGListKit";
            TVOS_DEPLOYMENT_TARGET = "9.0";
            WATCHOS_DEPLOYMENT_TARGET = "2.0";
         };
         name = "Release";
      };
      "OBJ_151" = {
         isa = "PBXSourcesBuildPhase";
         files = (
            "OBJ_152",
            "OBJ_153",
            "OBJ_154",
            "OBJ_155",
            "OBJ_156",
            "OBJ_157",
            "OBJ_158",
            "OBJ_159",
            "OBJ_160",
            "OBJ_161",
            "OBJ_162",
            "OBJ_163",
            "OBJ_164",
            "OBJ_165",
            "OBJ_166",
            "OBJ_167",
            "OBJ_168",
            "OBJ_169",
            "OBJ_170",
            "OBJ_171",
            "OBJ_172",
            "OBJ_173",
            "OBJ_174",
            "OBJ_175",
            "OBJ_176",
            "OBJ_177",
            "OBJ_178",
            "OBJ_179",
            "OBJ_180",
            "OBJ_181",
            "OBJ_182",
            "OBJ_183",
            "OBJ_184",
            "OBJ_185"
         );
      };
      "OBJ_152" = {
         isa = "PBXBuildFile";
         fileRef = "OBJ_33";
      };
      "OBJ_153" = {
         isa = "PBXBuildFile";
         fileRef = "OBJ_34";
      };
      "OBJ_154" = {
         isa = "PBXBuildFile";
         fileRef = "OBJ_35";
      };
      "OBJ_155" = {
         isa = "PBXBuildFile";
         fileRef = "OBJ_36";
      };
      "OBJ_156" = {
         isa = "PBXBuildFile";
         fileRef = "OBJ_37";
      };
      "OBJ_157" = {
         isa = "PBXBuildFile";
         fileRef = "OBJ_38";
      };
      "OBJ_158" = {
         isa = "PBXBuildFile";
         fileRef = "OBJ_39";
      };
      "OBJ_159" = {
         isa = "PBXBuildFile";
         fileRef = "OBJ_40";
      };
      "OBJ_16" = {
         isa = "PBXFileReference";
         path = "NSString+IGListDiffable.m";
         sourceTree = "<group>";
      };
      "OBJ_160" = {
         isa = "PBXBuildFile";
         fileRef = "OBJ_41";
      };
      "OBJ_161" = {
         isa = "PBXBuildFile";
         fileRef = "OBJ_42";
      };
      "OBJ_162" = {
         isa = "PBXBuildFile";
         fileRef = "OBJ_43";
      };
      "OBJ_163" = {
         isa = "PBXBuildFile";
         fileRef = "OBJ_44";
      };
      "OBJ_164" = {
         isa = "PBXBuildFile";
         fileRef = "OBJ_45";
      };
      "OBJ_165" = {
         isa = "PBXBuildFile";
         fileRef = "OBJ_46";
      };
      "OBJ_166" = {
         isa = "PBXBuildFile";
         fileRef = "OBJ_47";
      };
      "OBJ_167" = {
         isa = "PBXBuildFile";
         fileRef = "OBJ_48";
      };
      "OBJ_168" = {
         isa = "PBXBuildFile";
         fileRef = "OBJ_49";
      };
      "OBJ_169" = {
         isa = "PBXBuildFile";
         fileRef = "OBJ_50";
      };
      "OBJ_17" = {
         isa = "PBXGroup";
         children = (
            "OBJ_18",
            "OBJ_19",
            "OBJ_20",
            "OBJ_21",
            "OBJ_22",
            "OBJ_23",
            "OBJ_24",
            "OBJ_25",
            "OBJ_26",
            "OBJ_27",
            "OBJ_28",
            "OBJ_29",
            "OBJ_30",
            "OBJ_31"
         );
         name = "include";
         path = "include";
         sourceTree = "<group>";
      };
      "OBJ_170" = {
         isa = "PBXBuildFile";
         fileRef = "OBJ_51";
      };
      "OBJ_171" = {
         isa = "PBXBuildFile";
         fileRef = "OBJ_52";
      };
      "OBJ_172" = {
         isa = "PBXBuildFile";
         fileRef = "OBJ_53";
      };
      "OBJ_173" = {
         isa = "PBXBuildFile";
         fileRef = "OBJ_54";
      };
      "OBJ_174" = {
         isa = "PBXBuildFile";
         fileRef = "OBJ_55";
      };
      "OBJ_175" = {
         isa = "PBXBuildFile";
         fileRef = "OBJ_56";
      };
      "OBJ_176" = {
         isa = "PBXBuildFile";
         fileRef = "OBJ_57";
      };
      "OBJ_177" = {
         isa = "PBXBuildFile";
         fileRef = "OBJ_58";
      };
      "OBJ_178" = {
         isa = "PBXBuildFile";
         fileRef = "OBJ_59";
      };
      "OBJ_179" = {
         isa = "PBXBuildFile";
         fileRef = "OBJ_60";
      };
      "OBJ_18" = {
         isa = "PBXFileReference";
         path = "IGListIndexSetResult.h";
         sourceTree = "<group>";
      };
      "OBJ_180" = {
         isa = "PBXBuildFile";
         fileRef = "OBJ_61";
      };
      "OBJ_181" = {
         isa = "PBXBuildFile";
         fileRef = "OBJ_62";
      };
      "OBJ_182" = {
         isa = "PBXBuildFile";
         fileRef = "OBJ_63";
      };
      "OBJ_183" = {
         isa = "PBXBuildFile";
         fileRef = "OBJ_64";
      };
      "OBJ_184" = {
         isa = "PBXBuildFile";
         fileRef = "OBJ_65";
      };
      "OBJ_185" = {
         isa = "PBXBuildFile";
         fileRef = "OBJ_66";
      };
      "OBJ_186" = {
         isa = "PBXHeadersBuildPhase";
         files = (
            "OBJ_187",
            "OBJ_188",
            "OBJ_189",
            "OBJ_190",
            "OBJ_191",
            "OBJ_192",
            "OBJ_193",
            "OBJ_194",
            "OBJ_195",
            "OBJ_196",
            "OBJ_197",
            "OBJ_198",
            "OBJ_199",
            "OBJ_200",
            "OBJ_201",
            "OBJ_202",
            "OBJ_203",
            "OBJ_204",
            "OBJ_205",
            "OBJ_206",
            "OBJ_207",
            "OBJ_208",
            "OBJ_209",
            "OBJ_210",
            "OBJ_211",
            "OBJ_212",
            "OBJ_213",
            "OBJ_214",
            "OBJ_215",
            "OBJ_216",
            "OBJ_217"
         );
      };
      "OBJ_187" = {
         isa = "PBXBuildFile";
         fileRef = "OBJ_68";
         settings = {
            ATTRIBUTES = (
               "Public"
            );
         };
      };
      "OBJ_188" = {
         isa = "PBXBuildFile";
         fileRef = "OBJ_69";
         settings = {
            ATTRIBUTES = (
               "Public"
            );
         };
      };
      "OBJ_189" = {
         isa = "PBXBuildFile";
         fileRef = "OBJ_70";
         settings = {
            ATTRIBUTES = (
               "Public"
            );
         };
      };
      "OBJ_19" = {
         isa = "PBXFileReference";
         path = "IGListDiffable.h";
         sourceTree = "<group>";
      };
      "OBJ_190" = {
         isa = "PBXBuildFile";
         fileRef = "OBJ_71";
         settings = {
            ATTRIBUTES = (
               "Public"
            );
         };
      };
      "OBJ_191" = {
         isa = "PBXBuildFile";
         fileRef = "OBJ_72";
         settings = {
            ATTRIBUTES = (
               "Public"
            );
         };
      };
      "OBJ_192" = {
         isa = "PBXBuildFile";
         fileRef = "OBJ_73";
         settings = {
            ATTRIBUTES = (
               "Public"
            );
         };
      };
      "OBJ_193" = {
         isa = "PBXBuildFile";
         fileRef = "OBJ_74";
         settings = {
            ATTRIBUTES = (
               "Public"
            );
         };
      };
      "OBJ_194" = {
         isa = "PBXBuildFile";
         fileRef = "OBJ_75";
         settings = {
            ATTRIBUTES = (
               "Public"
            );
         };
      };
      "OBJ_195" = {
         isa = "PBXBuildFile";
         fileRef = "OBJ_76";
         settings = {
            ATTRIBUTES = (
               "Public"
            );
         };
      };
      "OBJ_196" = {
         isa = "PBXBuildFile";
         fileRef = "OBJ_77";
         settings = {
            ATTRIBUTES = (
               "Public"
            );
         };
      };
      "OBJ_197" = {
         isa = "PBXBuildFile";
         fileRef = "OBJ_78";
         settings = {
            ATTRIBUTES = (
               "Public"
            );
         };
      };
      "OBJ_198" = {
         isa = "PBXBuildFile";
         fileRef = "OBJ_79";
         settings = {
            ATTRIBUTES = (
               "Public"
            );
         };
      };
      "OBJ_199" = {
         isa = "PBXBuildFile";
         fileRef = "OBJ_80";
         settings = {
            ATTRIBUTES = (
               "Public"
            );
         };
      };
      "OBJ_2" = {
         isa = "XCConfigurationList";
         buildConfigurations = (
            "OBJ_3",
            "OBJ_4"
         );
         defaultConfigurationIsVisible = "0";
         defaultConfigurationName = "Release";
      };
      "OBJ_20" = {
         isa = "PBXFileReference";
         path = "NSString+IGListDiffable.h";
         sourceTree = "<group>";
      };
      "OBJ_200" = {
         isa = "PBXBuildFile";
         fileRef = "OBJ_81";
         settings = {
            ATTRIBUTES = (
               "Public"
            );
         };
      };
      "OBJ_201" = {
         isa = "PBXBuildFile";
         fileRef = "OBJ_82";
         settings = {
            ATTRIBUTES = (
               "Public"
            );
         };
      };
      "OBJ_202" = {
         isa = "PBXBuildFile";
         fileRef = "OBJ_83";
         settings = {
            ATTRIBUTES = (
               "Public"
            );
         };
      };
      "OBJ_203" = {
         isa = "PBXBuildFile";
         fileRef = "OBJ_84";
         settings = {
            ATTRIBUTES = (
               "Public"
            );
         };
      };
      "OBJ_204" = {
         isa = "PBXBuildFile";
         fileRef = "OBJ_85";
         settings = {
            ATTRIBUTES = (
               "Public"
            );
         };
      };
      "OBJ_205" = {
         isa = "PBXBuildFile";
         fileRef = "OBJ_86";
         settings = {
            ATTRIBUTES = (
               "Public"
            );
         };
      };
      "OBJ_206" = {
         isa = "PBXBuildFile";
         fileRef = "OBJ_87";
         settings = {
            ATTRIBUTES = (
               "Public"
            );
         };
      };
      "OBJ_207" = {
         isa = "PBXBuildFile";
         fileRef = "OBJ_88";
         settings = {
            ATTRIBUTES = (
               "Public"
            );
         };
      };
      "OBJ_208" = {
         isa = "PBXBuildFile";
         fileRef = "OBJ_89";
         settings = {
            ATTRIBUTES = (
               "Public"
            );
         };
      };
      "OBJ_209" = {
         isa = "PBXBuildFile";
         fileRef = "OBJ_90";
         settings = {
            ATTRIBUTES = (
               "Public"
            );
         };
      };
      "OBJ_21" = {
         isa = "PBXFileReference";
         path = "IGListIndexPathResult.h";
         sourceTree = "<group>";
      };
      "OBJ_210" = {
         isa = "PBXBuildFile";
         fileRef = "OBJ_91";
         settings = {
            ATTRIBUTES = (
               "Public"
            );
         };
      };
      "OBJ_211" = {
         isa = "PBXBuildFile";
         fileRef = "OBJ_92";
         settings = {
            ATTRIBUTES = (
               "Public"
            );
         };
      };
      "OBJ_212" = {
         isa = "PBXBuildFile";
         fileRef = "OBJ_93";
         settings = {
            ATTRIBUTES = (
               "Public"
            );
         };
      };
      "OBJ_213" = {
         isa = "PBXBuildFile";
         fileRef = "OBJ_94";
         settings = {
            ATTRIBUTES = (
               "Public"
            );
         };
      };
      "OBJ_214" = {
         isa = "PBXBuildFile";
         fileRef = "OBJ_95";
         settings = {
            ATTRIBUTES = (
               "Public"
            );
         };
      };
      "OBJ_215" = {
         isa = "PBXBuildFile";
         fileRef = "OBJ_96";
         settings = {
            ATTRIBUTES = (
               "Public"
            );
         };
      };
      "OBJ_216" = {
         isa = "PBXBuildFile";
         fileRef = "OBJ_97";
         settings = {
            ATTRIBUTES = (
               "Public"
            );
         };
      };
      "OBJ_217" = {
         isa = "PBXBuildFile";
         fileRef = "OBJ_98";
         settings = {
            ATTRIBUTES = (
               "Public"
            );
         };
      };
      "OBJ_218" = {
         isa = "PBXFrameworksBuildPhase";
         files = (
            "OBJ_219"
         );
      };
      "OBJ_219" = {
         isa = "PBXBuildFile";
         fileRef = "IGListKit::IGListDiffKit::Product";
      };
      "OBJ_22" = {
         isa = "PBXFileReference";
         path = "IGListCompatibility.h";
         sourceTree = "<group>";
      };
      "OBJ_220" = {
         isa = "PBXTargetDependency";
         target = "IGListKit::IGListDiffKit";
      };
      "OBJ_222" = {
         isa = "XCConfigurationList";
         buildConfigurations = (
            "OBJ_223",
            "OBJ_224"
         );
         defaultConfigurationIsVisible = "0";
         defaultConfigurationName = "Release";
      };
      "OBJ_223" = {
         isa = "XCBuildConfiguration";
         buildSettings = {
            LD = "/usr/bin/true";
            OTHER_SWIFT_FLAGS = (
               "-swift-version",
               "5",
               "-I",
               "$(TOOLCHAIN_DIR)/usr/lib/swift/pm/4_2",
               "-sdk",
               "/Applications/Xcode_12.5.0_fb.app/Contents/Developer/Platforms/MacOSX.platform/Developer/SDKs/MacOSX11.3.sdk",
               "-package-description-version",
               "5.3.0"
            );
            SWIFT_VERSION = "5.0";
         };
         name = "Debug";
      };
      "OBJ_224" = {
         isa = "XCBuildConfiguration";
         buildSettings = {
            LD = "/usr/bin/true";
            OTHER_SWIFT_FLAGS = (
               "-swift-version",
               "5",
               "-I",
               "$(TOOLCHAIN_DIR)/usr/lib/swift/pm/4_2",
               "-sdk",
               "/Applications/Xcode_12.5.0_fb.app/Contents/Developer/Platforms/MacOSX.platform/Developer/SDKs/MacOSX11.3.sdk",
               "-package-description-version",
               "5.3.0"
            );
            SWIFT_VERSION = "5.0";
         };
         name = "Release";
      };
      "OBJ_225" = {
         isa = "PBXSourcesBuildPhase";
         files = (
            "OBJ_226"
         );
      };
      "OBJ_226" = {
         isa = "PBXBuildFile";
         fileRef = "OBJ_6";
      };
      "OBJ_228" = {
         isa = "XCConfigurationList";
         buildConfigurations = (
            "OBJ_229",
            "OBJ_230"
         );
         defaultConfigurationIsVisible = "0";
         defaultConfigurationName = "Release";
      };
      "OBJ_229" = {
         isa = "XCBuildConfiguration";
         buildSettings = {
            CURRENT_PROJECT_VERSION = "1";
            ENABLE_TESTABILITY = "YES";
            FRAMEWORK_SEARCH_PATHS = (
               "$(inherited)",
               "$(PLATFORM_DIR)/Developer/Library/Frameworks"
            );
            HEADER_SEARCH_PATHS = (
               "$(inherited)",
               "$(SRCROOT)/spm/Sources/IGListKit/include",
               "$(SRCROOT)/spm/Sources/IGListDiffKit/include"
            );
            INFOPLIST_FILE = "IGListKit.xcodeproj/IGListSwiftKit_Info.plist";
            IPHONEOS_DEPLOYMENT_TARGET = "9.0";
            LD_RUNPATH_SEARCH_PATHS = (
               "$(inherited)",
               "$(TOOLCHAIN_DIR)/usr/lib/swift/macosx"
            );
            MACOSX_DEPLOYMENT_TARGET = "10.15";
            OTHER_CFLAGS = (
               "$(inherited)"
            );
            OTHER_LDFLAGS = (
               "$(inherited)"
            );
            OTHER_SWIFT_FLAGS = (
               "$(inherited)"
            );
            PRODUCT_BUNDLE_IDENTIFIER = "IGListSwiftKit";
            PRODUCT_MODULE_NAME = "$(TARGET_NAME:c99extidentifier)";
            PRODUCT_NAME = "$(TARGET_NAME:c99extidentifier)";
            SKIP_INSTALL = "YES";
            SWIFT_ACTIVE_COMPILATION_CONDITIONS = (
               "$(inherited)"
            );
            SWIFT_VERSION = "5.0";
            TARGET_NAME = "IGListSwiftKit";
            TVOS_DEPLOYMENT_TARGET = "9.0";
            WATCHOS_DEPLOYMENT_TARGET = "2.0";
         };
         name = "Debug";
      };
      "OBJ_23" = {
         isa = "PBXFileReference";
         path = "IGListExperiments.h";
         sourceTree = "<group>";
      };
      "OBJ_230" = {
         isa = "XCBuildConfiguration";
         buildSettings = {
            CURRENT_PROJECT_VERSION = "1";
            ENABLE_TESTABILITY = "YES";
            FRAMEWORK_SEARCH_PATHS = (
               "$(inherited)",
               "$(PLATFORM_DIR)/Developer/Library/Frameworks"
            );
            HEADER_SEARCH_PATHS = (
               "$(inherited)",
               "$(SRCROOT)/spm/Sources/IGListKit/include",
               "$(SRCROOT)/spm/Sources/IGListDiffKit/include"
            );
            INFOPLIST_FILE = "IGListKit.xcodeproj/IGListSwiftKit_Info.plist";
            IPHONEOS_DEPLOYMENT_TARGET = "9.0";
            LD_RUNPATH_SEARCH_PATHS = (
               "$(inherited)",
               "$(TOOLCHAIN_DIR)/usr/lib/swift/macosx"
            );
            MACOSX_DEPLOYMENT_TARGET = "10.15";
            OTHER_CFLAGS = (
               "$(inherited)"
            );
            OTHER_LDFLAGS = (
               "$(inherited)"
            );
            OTHER_SWIFT_FLAGS = (
               "$(inherited)"
            );
            PRODUCT_BUNDLE_IDENTIFIER = "IGListSwiftKit";
            PRODUCT_MODULE_NAME = "$(TARGET_NAME:c99extidentifier)";
            PRODUCT_NAME = "$(TARGET_NAME:c99extidentifier)";
            SKIP_INSTALL = "YES";
            SWIFT_ACTIVE_COMPILATION_CONDITIONS = (
               "$(inherited)"
            );
            SWIFT_VERSION = "5.0";
            TARGET_NAME = "IGListSwiftKit";
            TVOS_DEPLOYMENT_TARGET = "9.0";
            WATCHOS_DEPLOYMENT_TARGET = "2.0";
         };
         name = "Release";
      };
      "OBJ_231" = {
         isa = "PBXSourcesBuildPhase";
         files = (
            "OBJ_232",
            "OBJ_233",
            "OBJ_234",
            "OBJ_235"
         );
      };
      "OBJ_232" = {
         isa = "PBXBuildFile";
         fileRef = "OBJ_100";
      };
      "OBJ_233" = {
         isa = "PBXBuildFile";
         fileRef = "OBJ_101";
      };
      "OBJ_234" = {
         isa = "PBXBuildFile";
         fileRef = "OBJ_102";
      };
      "OBJ_235" = {
         isa = "PBXBuildFile";
         fileRef = "OBJ_103";
      };
      "OBJ_236" = {
         isa = "PBXFrameworksBuildPhase";
         files = (
            "OBJ_237",
            "OBJ_238"
         );
      };
      "OBJ_237" = {
         isa = "PBXBuildFile";
         fileRef = "IGListKit::IGListKit::Product";
      };
      "OBJ_238" = {
         isa = "PBXBuildFile";
         fileRef = "IGListKit::IGListDiffKit::Product";
      };
      "OBJ_239" = {
         isa = "PBXTargetDependency";
         target = "IGListKit::IGListKit";
      };
      "OBJ_24" = {
         isa = "PBXFileReference";
         path = "IGListMoveIndexPath.h";
         sourceTree = "<group>";
      };
      "OBJ_240" = {
         isa = "PBXTargetDependency";
         target = "IGListKit::IGListDiffKit";
      };
      "OBJ_25" = {
         isa = "PBXFileReference";
         path = "IGListMacros.h";
         sourceTree = "<group>";
      };
      "OBJ_26" = {
         isa = "PBXFileReference";
         path = "IGListMoveIndex.h";
         sourceTree = "<group>";
      };
      "OBJ_27" = {
         isa = "PBXFileReference";
         path = "IGListDiffKit.h";
         sourceTree = "<group>";
      };
      "OBJ_28" = {
         isa = "PBXFileReference";
         path = "NSNumber+IGListDiffable.h";
         sourceTree = "<group>";
      };
      "OBJ_29" = {
         isa = "PBXFileReference";
         path = "IGListAssert.h";
         sourceTree = "<group>";
      };
      "OBJ_3" = {
         isa = "XCBuildConfiguration";
         buildSettings = {
            CLANG_ENABLE_OBJC_ARC = "YES";
            COMBINE_HIDPI_IMAGES = "YES";
            COPY_PHASE_STRIP = "NO";
            DEBUG_INFORMATION_FORMAT = "dwarf";
            DYLIB_INSTALL_NAME_BASE = "@rpath";
            ENABLE_NS_ASSERTIONS = "YES";
            GCC_OPTIMIZATION_LEVEL = "0";
            GCC_PREPROCESSOR_DEFINITIONS = (
               "$(inherited)",
               "SWIFT_PACKAGE=1",
               "DEBUG=1"
            );
            MACOSX_DEPLOYMENT_TARGET = "10.10";
            ONLY_ACTIVE_ARCH = "YES";
            OTHER_SWIFT_FLAGS = (
               "$(inherited)",
               "-DXcode"
            );
            PRODUCT_NAME = "$(TARGET_NAME)";
            SDKROOT = "macosx";
            SUPPORTED_PLATFORMS = (
               "$(AVAILABLE_PLATFORMS)"
            );
            SUPPORTS_MACCATALYST = "YES";
            SWIFT_ACTIVE_COMPILATION_CONDITIONS = (
               "$(inherited)",
               "SWIFT_PACKAGE",
               "DEBUG"
            );
            SWIFT_OPTIMIZATION_LEVEL = "-Onone";
            USE_HEADERMAP = "NO";
         };
         name = "Debug";
      };
      "OBJ_30" = {
         isa = "PBXFileReference";
         path = "IGListBatchUpdateData.h";
         sourceTree = "<group>";
      };
      "OBJ_31" = {
         isa = "PBXFileReference";
         path = "IGListDiff.h";
         sourceTree = "<group>";
      };
      "OBJ_32" = {
         isa = "PBXGroup";
         children = (
            "OBJ_33",
            "OBJ_34",
            "OBJ_35",
            "OBJ_36",
            "OBJ_37",
            "OBJ_38",
            "OBJ_39",
            "OBJ_40",
            "OBJ_41",
            "OBJ_42",
            "OBJ_43",
            "OBJ_44",
            "OBJ_45",
            "OBJ_46",
            "OBJ_47",
            "OBJ_48",
            "OBJ_49",
            "OBJ_50",
            "OBJ_51",
            "OBJ_52",
            "OBJ_53",
            "OBJ_54",
            "OBJ_55",
            "OBJ_56",
            "OBJ_57",
            "OBJ_58",
            "OBJ_59",
            "OBJ_60",
            "OBJ_61",
            "OBJ_62",
            "OBJ_63",
            "OBJ_64",
            "OBJ_65",
            "OBJ_66",
            "OBJ_67"
         );
         name = "IGListKit";
         path = "spm/Sources/IGListKit";
         sourceTree = "SOURCE_ROOT";
      };
      "OBJ_33" = {
         isa = "PBXFileReference";
         path = "IGListAdapter+DebugDescription.m";
         sourceTree = "<group>";
      };
      "OBJ_34" = {
         isa = "PBXFileReference";
         path = "IGListAdapter+UICollectionView.m";
         sourceTree = "<group>";
      };
      "OBJ_35" = {
         isa = "PBXFileReference";
         path = "IGListAdapter.m";
         sourceTree = "<group>";
      };
      "OBJ_36" = {
         isa = "PBXFileReference";
         path = "IGListAdapterProxy.m";
         sourceTree = "<group>";
      };
      "OBJ_37" = {
         isa = "PBXFileReference";
         path = "IGListAdapterUpdater+DebugDescription.m";
         sourceTree = "<group>";
      };
      "OBJ_38" = {
         isa = "PBXFileReference";
         path = "IGListAdapterUpdater.m";
         sourceTree = "<group>";
      };
      "OBJ_39" = {
         isa = "PBXFileReference";
         path = "IGListAdapterUpdaterHelpers.m";
         sourceTree = "<group>";
      };
      "OBJ_4" = {
         isa = "XCBuildConfiguration";
         buildSettings = {
            CLANG_ENABLE_OBJC_ARC = "YES";
            COMBINE_HIDPI_IMAGES = "YES";
            COPY_PHASE_STRIP = "YES";
            DEBUG_INFORMATION_FORMAT = "dwarf-with-dsym";
            DYLIB_INSTALL_NAME_BASE = "@rpath";
            GCC_OPTIMIZATION_LEVEL = "s";
            GCC_PREPROCESSOR_DEFINITIONS = (
               "$(inherited)",
               "SWIFT_PACKAGE=1"
            );
            MACOSX_DEPLOYMENT_TARGET = "10.10";
            OTHER_SWIFT_FLAGS = (
               "$(inherited)",
               "-DXcode"
            );
            PRODUCT_NAME = "$(TARGET_NAME)";
            SDKROOT = "macosx";
            SUPPORTED_PLATFORMS = (
               "$(AVAILABLE_PLATFORMS)"
            );
            SUPPORTS_MACCATALYST = "YES";
            SWIFT_ACTIVE_COMPILATION_CONDITIONS = (
               "$(inherited)",
               "SWIFT_PACKAGE"
            );
            SWIFT_OPTIMIZATION_LEVEL = "-Owholemodule";
            USE_HEADERMAP = "NO";
         };
         name = "Release";
      };
      "OBJ_40" = {
         isa = "PBXFileReference";
         path = "IGListBatchUpdateData+DebugDescription.m";
         sourceTree = "<group>";
      };
      "OBJ_41" = {
         isa = "PBXFileReference";
         path = "IGListBatchUpdateTransaction.m";
         sourceTree = "<group>";
      };
      "OBJ_42" = {
         isa = "PBXFileReference";
         path = "IGListBatchUpdates.m";
         sourceTree = "<group>";
      };
      "OBJ_43" = {
         isa = "PBXFileReference";
         path = "IGListBindingSectionController+DebugDescription.m";
         sourceTree = "<group>";
      };
      "OBJ_44" = {
         isa = "PBXFileReference";
         path = "IGListBindingSectionController.m";
         sourceTree = "<group>";
      };
      "OBJ_45" = {
         isa = "PBXFileReference";
         path = "IGListCollectionView.m";
         sourceTree = "<group>";
      };
      "OBJ_46" = {
         isa = "PBXFileReference";
         path = "IGListCollectionViewLayout.mm";
         sourceTree = "<group>";
      };
      "OBJ_47" = {
         isa = "PBXFileReference";
         path = "IGListDataSourceChangeTransaction.m";
         sourceTree = "<group>";
      };
      "OBJ_48" = {
         isa = "PBXFileReference";
         path = "IGListDebugger.m";
         sourceTree = "<group>";
      };
      "OBJ_49" = {
         isa = "PBXFileReference";
         path = "IGListDebuggingUtilities.m";
         sourceTree = "<group>";
      };
      "OBJ_5" = {
         isa = "PBXGroup";
         children = (
            "OBJ_6",
            "OBJ_7",
            "OBJ_104",
            "OBJ_105",
            "OBJ_109",
            "OBJ_110",
            "OBJ_111",
            "OBJ_112",
            "OBJ_113",
            "OBJ_114",
            "OBJ_115",
            "OBJ_116",
            "OBJ_117"
         );
         path = "";
         sourceTree = "<group>";
      };
      "OBJ_50" = {
         isa = "PBXFileReference";
         path = "IGListDisplayHandler.m";
         sourceTree = "<group>";
      };
      "OBJ_51" = {
         isa = "PBXFileReference";
         path = "IGListGenericSectionController.m";
         sourceTree = "<group>";
      };
      "OBJ_52" = {
         isa = "PBXFileReference";
         path = "IGListItemUpdatesCollector.m";
         sourceTree = "<group>";
      };
      "OBJ_53" = {
         isa = "PBXFileReference";
         path = "IGListReloadDataUpdater.m";
         sourceTree = "<group>";
      };
      "OBJ_54" = {
         isa = "PBXFileReference";
         path = "IGListReloadIndexPath.m";
         sourceTree = "<group>";
      };
      "OBJ_55" = {
         isa = "PBXFileReference";
         path = "IGListReloadTransaction.m";
         sourceTree = "<group>";
      };
      "OBJ_56" = {
         isa = "PBXFileReference";
         path = "IGListSectionController.m";
         sourceTree = "<group>";
      };
      "OBJ_57" = {
         isa = "PBXFileReference";
         path = "IGListSectionMap+DebugDescription.m";
         sourceTree = "<group>";
      };
      "OBJ_58" = {
         isa = "PBXFileReference";
         path = "IGListSectionMap.m";
         sourceTree = "<group>";
      };
      "OBJ_59" = {
         isa = "PBXFileReference";
         path = "IGListSingleSectionController.m";
         sourceTree = "<group>";
      };
      "OBJ_6" = {
         isa = "PBXFileReference";
         explicitFileType = "sourcecode.swift";
         path = "Package.swift";
         sourceTree = "<group>";
      };
      "OBJ_60" = {
         isa = "PBXFileReference";
         path = "IGListTransitionData.m";
         sourceTree = "<group>";
      };
      "OBJ_61" = {
         isa = "PBXFileReference";
         path = "IGListUpdateTransactionBuilder.m";
         sourceTree = "<group>";
      };
      "OBJ_62" = {
         isa = "PBXFileReference";
         path = "IGListWorkingRangeHandler.mm";
         sourceTree = "<group>";
      };
      "OBJ_63" = {
         isa = "PBXFileReference";
         path = "UICollectionView+DebugDescription.m";
         sourceTree = "<group>";
      };
      "OBJ_64" = {
         isa = "PBXFileReference";
         path = "UICollectionView+IGListBatchUpdateData.m";
         sourceTree = "<group>";
      };
      "OBJ_65" = {
         isa = "PBXFileReference";
         path = "UICollectionViewLayout+InteractiveReordering.m";
         sourceTree = "<group>";
      };
      "OBJ_66" = {
         isa = "PBXFileReference";
         path = "UIScrollView+IGListKit.m";
         sourceTree = "<group>";
      };
      "OBJ_67" = {
         isa = "PBXGroup";
         children = (
            "OBJ_68",
            "OBJ_69",
            "OBJ_70",
            "OBJ_71",
            "OBJ_72",
            "OBJ_73",
            "OBJ_74",
            "OBJ_75",
            "OBJ_76",
            "OBJ_77",
            "OBJ_78",
            "OBJ_79",
            "OBJ_80",
            "OBJ_81",
            "OBJ_82",
            "OBJ_83",
            "OBJ_84",
            "OBJ_85",
            "OBJ_86",
            "OBJ_87",
            "OBJ_88",
            "OBJ_89",
            "OBJ_90",
            "OBJ_91",
            "OBJ_92",
            "OBJ_93",
            "OBJ_94",
            "OBJ_95",
            "OBJ_96",
            "OBJ_97",
            "OBJ_98"
         );
         name = "include";
         path = "include";
         sourceTree = "<group>";
      };
      "OBJ_68" = {
         isa = "PBXFileReference";
         path = "IGListAdapterUpdater.h";
         sourceTree = "<group>";
      };
      "OBJ_69" = {
         isa = "PBXFileReference";
         path = "IGListCollectionViewLayout.h";
         sourceTree = "<group>";
      };
      "OBJ_7" = {
         isa = "PBXGroup";
         children = (
            "OBJ_8",
            "OBJ_32",
            "OBJ_99"
         );
         name = "Sources";
         path = "";
         sourceTree = "SOURCE_ROOT";
      };
      "OBJ_70" = {
         isa = "PBXFileReference";
         path = "IGListCollectionView.h";
         sourceTree = "<group>";
      };
      "OBJ_71" = {
         isa = "PBXFileReference";
         path = "IGListAdapterDataSource.h";
         sourceTree = "<group>";
      };
      "OBJ_72" = {
         isa = "PBXFileReference";
         path = "IGListKit.h";
         sourceTree = "<group>";
      };
      "OBJ_73" = {
         isa = "PBXFileReference";
         path = "IGListBindable.h";
         sourceTree = "<group>";
      };
      "OBJ_74" = {
         isa = "PBXFileReference";
         path = "IGListAdapterUpdaterDelegate.h";
         sourceTree = "<group>";
      };
      "OBJ_75" = {
         isa = "PBXFileReference";
         path = "IGListAdapterPerformanceDelegate.h";
         sourceTree = "<group>";
      };
      "OBJ_76" = {
         isa = "PBXFileReference";
         path = "IGListBindingSectionController.h";
         sourceTree = "<group>";
      };
      "OBJ_77" = {
         isa = "PBXFileReference";
         path = "IGListCollectionViewLayoutCompatible.h";
         sourceTree = "<group>";
      };
      "OBJ_78" = {
         isa = "PBXFileReference";
         path = "IGListBindingSectionControllerSelectionDelegate.h";
         sourceTree = "<group>";
      };
      "OBJ_79" = {
         isa = "PBXFileReference";
         path = "IGListAdapterDelegate.h";
         sourceTree = "<group>";
      };
      "OBJ_8" = {
         isa = "PBXGroup";
         children = (
            "OBJ_9",
            "OBJ_10",
            "OBJ_11",
            "OBJ_12",
            "OBJ_13",
            "OBJ_14",
            "OBJ_15",
            "OBJ_16",
            "OBJ_17"
         );
         name = "IGListDiffKit";
         path = "spm/Sources/IGListDiffKit";
         sourceTree = "SOURCE_ROOT";
      };
      "OBJ_80" = {
         isa = "PBXFileReference";
         path = "IGListGenericSectionController.h";
         sourceTree = "<group>";
      };
      "OBJ_81" = {
         isa = "PBXFileReference";
         path = "IGListDisplayDelegate.h";
         sourceTree = "<group>";
      };
      "OBJ_82" = {
         isa = "PBXFileReference";
         path = "IGListWorkingRangeDelegate.h";
         sourceTree = "<group>";
      };
      "OBJ_83" = {
         isa = "PBXFileReference";
         path = "IGListAdapterMoveDelegate.h";
         sourceTree = "<group>";
      };
      "OBJ_84" = {
         isa = "PBXFileReference";
         path = "IGListCollectionViewDelegateLayout.h";
         sourceTree = "<group>";
      };
      "OBJ_85" = {
         isa = "PBXFileReference";
         path = "IGListUpdatingDelegate.h";
         sourceTree = "<group>";
      };
      "OBJ_86" = {
         isa = "PBXFileReference";
         path = "IGListSectionController.h";
         sourceTree = "<group>";
      };
      "OBJ_87" = {
         isa = "PBXFileReference";
         path = "IGListBatchContext.h";
         sourceTree = "<group>";
      };
      "OBJ_88" = {
         isa = "PBXFileReference";
         path = "IGListScrollDelegate.h";
         sourceTree = "<group>";
      };
      "OBJ_89" = {
         isa = "PBXFileReference";
         path = "IGListCollectionScrollingTraits.h";
         sourceTree = "<group>";
      };
      "OBJ_9" = {
         isa = "PBXFileReference";
         path = "IGListBatchUpdateData.mm";
         sourceTree = "<group>";
      };
      "OBJ_90" = {
         isa = "PBXFileReference";
         path = "IGListAdapterUpdateListener.h";
         sourceTree = "<group>";
      };
      "OBJ_91" = {
         isa = "PBXFileReference";
         path = "IGListTransitionDelegate.h";
         sourceTree = "<group>";
      };
      "OBJ_92" = {
         isa = "PBXFileReference";
         path = "IGListReloadDataUpdater.h";
         sourceTree = "<group>";
      };
      "OBJ_93" = {
         isa = "PBXFileReference";
         path = "IGListSupplementaryViewSource.h";
         sourceTree = "<group>";
      };
      "OBJ_94" = {
         isa = "PBXFileReference";
         path = "IGListBindingSectionControllerDataSource.h";
         sourceTree = "<group>";
      };
      "OBJ_95" = {
         isa = "PBXFileReference";
         path = "IGListCollectionContext.h";
         sourceTree = "<group>";
      };
      "OBJ_96" = {
         isa = "PBXFileReference";
         path = "IGListSingleSectionController.h";
         sourceTree = "<group>";
      };
      "OBJ_97" = {
         isa = "PBXFileReference";
         path = "IGListTransitionData.h";
         sourceTree = "<group>";
      };
      "OBJ_98" = {
         isa = "PBXFileReference";
         path = "IGListAdapter.h";
         sourceTree = "<group>";
      };
      "OBJ_99" = {
         isa = "PBXGroup";
         children = (
            "OBJ_100",
            "OBJ_101",
            "OBJ_102",
            "OBJ_103"
         );
         name = "IGListSwiftKit";
         path = "Source/IGListSwiftKit";
         sourceTree = "SOURCE_ROOT";
      };
   };
   rootObject = "OBJ_1";
}
