PODS:
  - IGListKit (2.0.0):
    - IGListKit/Default (= 2.0.0)
  - IGListKit/Default (2.0.0):
    - IGListKit/Diffing
  - IGListKit/Diffing (2.0.0)

DEPENDENCIES:
  - IGListKit (from `../../IGListKit.podspec`)

EXTERNAL SOURCES:
  IGListKit:
    :path: ../../IGListKit.podspec

SPEC CHECKSUMS:
  IGListKit: 1e4431e4fb647943a3d839918d56625c597e93ff

PODFILE CHECKSUM: 55363d0329e656c259d9b9982b162afd8d8904c6

COCOAPODS: 1.1.1
