PODS:
  - IGListKit (2.1.0):
    - IGListKit/Default (= 2.1.0)
  - IGListKit/Default (2.1.0):
    - IGListKit/Diffing
  - IGListKit/Diffing (2.1.0)
  - SwiftLint (0.18.1)

DEPENDENCIES:
  - IGListKit (from `../../IGListKit.podspec`)
  - SwiftLint

EXTERNAL SOURCES:
  IGListKit:
    :path: "../../IGListKit.podspec"

SPEC CHECKSUMS:
  IGListKit: b826c68ef7a4ae1626c09d4d3e1ea7a169e6c36e
  SwiftLint: b467d08f5b25dc3b3cfed243d8e1b74b91714c67

PODFILE CHECKSUM: 9841875164120b74bbe401e1f029d18fe0902142

COCOAPODS: 1.2.0
