PODS:
  - IGListKit (2.0.0)

DEPENDENCIES:
  - IGListKit (from `../../IGListKit.podspec`)

EXTERNAL SOURCES:
  IGListKit:
    :path: ../../IGListKit.podspec

SPEC CHECKSUMS:
  IGListKit: 2bd0b80dd04a83c75276d71f87690ef106e2d958

PODFILE CHECKSUM: 55363d0329e656c259d9b9982b162afd8d8904c6

COCOAPODS: 1.1.1
