// !$*UTF8*$!
{
	archiveVersion = 1;
	classes = {
	};
	objectVersion = 46;
	objects = {

/* Begin PBXBuildFile section */
		298D91C51DDF81DB00E70CAD /* NSObject+IGListDiffable.swift in Sources */ = {isa = PBXBuildFile; fileRef = 298D91C41DDF81DB00E70CAD /* NSObject+IGListDiffable.swift */; };
		98ED5C1B1DC52AD400EA56B2 /* AppDelegate.swift in Sources */ = {isa = PBXBuildFile; fileRef = 98ED5C1A1DC52AD400EA56B2 /* AppDelegate.swift */; };
		98ED5C1D1DC52AD400EA56B2 /* DemosViewController.swift in Sources */ = {isa = PBXBuildFile; fileRef = 98ED5C1C1DC52AD400EA56B2 /* DemosViewController.swift */; };
		98ED5C221DC52AD400EA56B2 /* Assets.xcassets in Resources */ = {isa = PBXBuildFile; fileRef = 98ED5C211DC52AD400EA56B2 /* Assets.xcassets */; };
		98ED5C2D1DC52E7F00EA56B2 /* DemoSectionController.swift in Sources */ = {isa = PBXBuildFile; fileRef = 98ED5C2C1DC52E7F00EA56B2 /* DemoSectionController.swift */; };
		98ED5C2F1DC52F3B00EA56B2 /* DemoCell.swift in Sources */ = {isa = PBXBuildFile; fileRef = 98ED5C2E1DC52F3B00EA56B2 /* DemoCell.swift */; };
		98ED5C321DC53B4E00EA56B2 /* CarouselCell.swift in Sources */ = {isa = PBXBuildFile; fileRef = 98ED5C301DC53B4E00EA56B2 /* CarouselCell.swift */; };
		98ED5C331DC53B4E00EA56B2 /* CarouselCell.xib in Resources */ = {isa = PBXBuildFile; fileRef = 98ED5C311DC53B4E00EA56B2 /* CarouselCell.xib */; };
		98ED5C351DC53C4000EA56B2 /* NestedAdapterViewController.swift in Sources */ = {isa = PBXBuildFile; fileRef = 98ED5C341DC53C4000EA56B2 /* NestedAdapterViewController.swift */; };
		98ED5C371DC53CEE00EA56B2 /* LabelSectionController.swift in Sources */ = {isa = PBXBuildFile; fileRef = 98ED5C361DC53CEE00EA56B2 /* LabelSectionController.swift */; };
		98ED5C391DC53D0B00EA56B2 /* LabelCell.swift in Sources */ = {isa = PBXBuildFile; fileRef = 98ED5C381DC53D0B00EA56B2 /* LabelCell.swift */; };
		98ED5C3B1DC53DD000EA56B2 /* HorizontalSectionController.swift in Sources */ = {isa = PBXBuildFile; fileRef = 98ED5C3A1DC53DD000EA56B2 /* HorizontalSectionController.swift */; };
		98ED5C3D1DC53E5600EA56B2 /* EmbeddedCollectionViewCell.swift in Sources */ = {isa = PBXBuildFile; fileRef = 98ED5C3C1DC53E5600EA56B2 /* EmbeddedCollectionViewCell.swift */; };
		98ED5C3F1DC53EB200EA56B2 /* CarouselSectionController.swift in Sources */ = {isa = PBXBuildFile; fileRef = 98ED5C3E1DC53EB200EA56B2 /* CarouselSectionController.swift */; };
		9F31657C90242915370E4420 /* Pods_IGListKitExamples.framework in Frameworks */ = {isa = PBXBuildFile; fileRef = C7DB43F76EDA298E2CADE284 /* Pods_IGListKitExamples.framework */; };
/* End PBXBuildFile section */

/* Begin PBXFileReference section */
		030636205824E1C56763A545 /* Pods-IGListKitExamples.debug.xcconfig */ = {isa = PBXFileReference; includeInIndex = 1; lastKnownFileType = text.xcconfig; name = "Pods-IGListKitExamples.debug.xcconfig"; path = "Pods/Target Support Files/Pods-IGListKitExamples/Pods-IGListKitExamples.debug.xcconfig"; sourceTree = "<group>"; };
		298D91C41DDF81DB00E70CAD /* NSObject+IGListDiffable.swift */ = {isa = PBXFileReference; fileEncoding = 4; lastKnownFileType = sourcecode.swift; path = "NSObject+IGListDiffable.swift"; sourceTree = "<group>"; };
		365F970D8695E37EA77E52A6 /* Pods-IGListKitExamples.release.xcconfig */ = {isa = PBXFileReference; includeInIndex = 1; lastKnownFileType = text.xcconfig; name = "Pods-IGListKitExamples.release.xcconfig"; path = "Pods/Target Support Files/Pods-IGListKitExamples/Pods-IGListKitExamples.release.xcconfig"; sourceTree = "<group>"; };
		98ED5C171DC52AD400EA56B2 /* IGListKitExamples.app */ = {isa = PBXFileReference; explicitFileType = wrapper.application; includeInIndex = 0; path = IGListKitExamples.app; sourceTree = BUILT_PRODUCTS_DIR; };
		98ED5C1A1DC52AD400EA56B2 /* AppDelegate.swift */ = {isa = PBXFileReference; lastKnownFileType = sourcecode.swift; path = AppDelegate.swift; sourceTree = "<group>"; };
		98ED5C1C1DC52AD400EA56B2 /* DemosViewController.swift */ = {isa = PBXFileReference; lastKnownFileType = sourcecode.swift; name = DemosViewController.swift; path = ViewControllers/DemosViewController.swift; sourceTree = "<group>"; };
		98ED5C211DC52AD400EA56B2 /* Assets.xcassets */ = {isa = PBXFileReference; lastKnownFileType = folder.assetcatalog; path = Assets.xcassets; sourceTree = "<group>"; };
		98ED5C231DC52AD400EA56B2 /* Info.plist */ = {isa = PBXFileReference; lastKnownFileType = text.plist.xml; path = Info.plist; sourceTree = "<group>"; };
		98ED5C2C1DC52E7F00EA56B2 /* DemoSectionController.swift */ = {isa = PBXFileReference; fileEncoding = 4; lastKnownFileType = sourcecode.swift; name = DemoSectionController.swift; path = SectionControllers/DemoSectionController.swift; sourceTree = "<group>"; };
		98ED5C2E1DC52F3B00EA56B2 /* DemoCell.swift */ = {isa = PBXFileReference; fileEncoding = 4; lastKnownFileType = sourcecode.swift; name = DemoCell.swift; path = Views/DemoCell.swift; sourceTree = "<group>"; };
		98ED5C301DC53B4E00EA56B2 /* CarouselCell.swift */ = {isa = PBXFileReference; fileEncoding = 4; lastKnownFileType = sourcecode.swift; name = CarouselCell.swift; path = Views/CarouselCell.swift; sourceTree = "<group>"; };
		98ED5C311DC53B4E00EA56B2 /* CarouselCell.xib */ = {isa = PBXFileReference; fileEncoding = 4; lastKnownFileType = file.xib; name = CarouselCell.xib; path = Views/CarouselCell.xib; sourceTree = "<group>"; };
		98ED5C341DC53C4000EA56B2 /* NestedAdapterViewController.swift */ = {isa = PBXFileReference; fileEncoding = 4; lastKnownFileType = sourcecode.swift; name = NestedAdapterViewController.swift; path = ViewControllers/NestedAdapterViewController.swift; sourceTree = "<group>"; };
		98ED5C361DC53CEE00EA56B2 /* LabelSectionController.swift */ = {isa = PBXFileReference; fileEncoding = 4; lastKnownFileType = sourcecode.swift; name = LabelSectionController.swift; path = SectionControllers/LabelSectionController.swift; sourceTree = "<group>"; };
		98ED5C381DC53D0B00EA56B2 /* LabelCell.swift */ = {isa = PBXFileReference; fileEncoding = 4; lastKnownFileType = sourcecode.swift; name = LabelCell.swift; path = Views/LabelCell.swift; sourceTree = "<group>"; };
		98ED5C3A1DC53DD000EA56B2 /* HorizontalSectionController.swift */ = {isa = PBXFileReference; fileEncoding = 4; lastKnownFileType = sourcecode.swift; name = HorizontalSectionController.swift; path = SectionControllers/HorizontalSectionController.swift; sourceTree = "<group>"; };
		98ED5C3C1DC53E5600EA56B2 /* EmbeddedCollectionViewCell.swift */ = {isa = PBXFileReference; fileEncoding = 4; lastKnownFileType = sourcecode.swift; name = EmbeddedCollectionViewCell.swift; path = Views/EmbeddedCollectionViewCell.swift; sourceTree = "<group>"; };
		98ED5C3E1DC53EB200EA56B2 /* CarouselSectionController.swift */ = {isa = PBXFileReference; fileEncoding = 4; lastKnownFileType = sourcecode.swift; name = CarouselSectionController.swift; path = SectionControllers/CarouselSectionController.swift; sourceTree = "<group>"; };
		C7DB43F76EDA298E2CADE284 /* Pods_IGListKitExamples.framework */ = {isa = PBXFileReference; explicitFileType = wrapper.framework; includeInIndex = 0; path = Pods_IGListKitExamples.framework; sourceTree = BUILT_PRODUCTS_DIR; };
/* End PBXFileReference section */

/* Begin PBXFrameworksBuildPhase section */
		98ED5C141DC52AD400EA56B2 /* Frameworks */ = {
			isa = PBXFrameworksBuildPhase;
			buildActionMask = 2147483647;
			files = (
				9F31657C90242915370E4420 /* Pods_IGListKitExamples.framework in Frameworks */,
			);
			runOnlyForDeploymentPostprocessing = 0;
		};
/* End PBXFrameworksBuildPhase section */

/* Begin PBXGroup section */
		064EB0F1E601633F676A0EAF /* Pods */ = {
			isa = PBXGroup;
			children = (
				030636205824E1C56763A545 /* Pods-IGListKitExamples.debug.xcconfig */,
				365F970D8695E37EA77E52A6 /* Pods-IGListKitExamples.release.xcconfig */,
			);
			name = Pods;
			sourceTree = "<group>";
		};
		25284CDF3BDBCCE297C9E448 /* Frameworks */ = {
			isa = PBXGroup;
			children = (
				C7DB43F76EDA298E2CADE284 /* Pods_IGListKitExamples.framework */,
			);
			name = Frameworks;
			sourceTree = "<group>";
		};
		298D91C31DDF81DB00E70CAD /* Models */ = {
			isa = PBXGroup;
			children = (
				298D91C41DDF81DB00E70CAD /* NSObject+IGListDiffable.swift */,
			);
			path = Models;
			sourceTree = "<group>";
		};
		98ED5C0E1DC52AD300EA56B2 = {
			isa = PBXGroup;
			children = (
				98ED5C191DC52AD400EA56B2 /* IGListKitExamples */,
				98ED5C181DC52AD400EA56B2 /* Products */,
				064EB0F1E601633F676A0EAF /* Pods */,
				25284CDF3BDBCCE297C9E448 /* Frameworks */,
			);
			sourceTree = "<group>";
		};
		98ED5C181DC52AD400EA56B2 /* Products */ = {
			isa = PBXGroup;
			children = (
				98ED5C171DC52AD400EA56B2 /* IGListKitExamples.app */,
			);
			name = Products;
			sourceTree = "<group>";
		};
		98ED5C191DC52AD400EA56B2 /* IGListKitExamples */ = {
			isa = PBXGroup;
			children = (
				98ED5C1A1DC52AD400EA56B2 /* AppDelegate.swift */,
				98ED5C211DC52AD400EA56B2 /* Assets.xcassets */,
				98ED5C231DC52AD400EA56B2 /* Info.plist */,
				298D91C31DDF81DB00E70CAD /* Models */,
				98ED5C2B1DC52E6200EA56B2 /* SectionControllers */,
				98ED5C291DC52B2400EA56B2 /* ViewControllers */,
				98ED5C2A1DC52B2900EA56B2 /* Views */,
			);
			path = IGListKitExamples;
			sourceTree = "<group>";
		};
		98ED5C291DC52B2400EA56B2 /* ViewControllers */ = {
			isa = PBXGroup;
			children = (
				98ED5C1C1DC52AD400EA56B2 /* DemosViewController.swift */,
				98ED5C341DC53C4000EA56B2 /* NestedAdapterViewController.swift */,
			);
			name = ViewControllers;
			sourceTree = "<group>";
		};
		98ED5C2A1DC52B2900EA56B2 /* Views */ = {
			isa = PBXGroup;
			children = (
				98ED5C301DC53B4E00EA56B2 /* CarouselCell.swift */,
				98ED5C311DC53B4E00EA56B2 /* CarouselCell.xib */,
				98ED5C2E1DC52F3B00EA56B2 /* DemoCell.swift */,
				98ED5C3C1DC53E5600EA56B2 /* EmbeddedCollectionViewCell.swift */,
				98ED5C381DC53D0B00EA56B2 /* LabelCell.swift */,
			);
			name = Views;
			sourceTree = "<group>";
		};
		98ED5C2B1DC52E6200EA56B2 /* SectionControllers */ = {
			isa = PBXGroup;
			children = (
				98ED5C3E1DC53EB200EA56B2 /* CarouselSectionController.swift */,
				98ED5C2C1DC52E7F00EA56B2 /* DemoSectionController.swift */,
				98ED5C3A1DC53DD000EA56B2 /* HorizontalSectionController.swift */,
				98ED5C361DC53CEE00EA56B2 /* LabelSectionController.swift */,
			);
			name = SectionControllers;
			sourceTree = "<group>";
		};
/* End PBXGroup section */

/* Begin PBXNativeTarget section */
		98ED5C161DC52AD400EA56B2 /* IGListKitExamples */ = {
			isa = PBXNativeTarget;
			buildConfigurationList = 98ED5C261DC52AD400EA56B2 /* Build configuration list for PBXNativeTarget "IGListKitExamples" */;
			buildPhases = (
				056216B820A1E8CAA2C237CC /* [CP] Check Pods Manifest.lock */,
				98ED5C131DC52AD400EA56B2 /* Sources */,
				98ED5C141DC52AD400EA56B2 /* Frameworks */,
				98ED5C151DC52AD400EA56B2 /* Resources */,
				94ED0862BED5FDA44D2DD21D /* [CP] Embed Pods Frameworks */,
				1ECBF3F943F0EFD1FCF6741F /* [CP] Copy Pods Resources */,
				DC1296C31EC389410043990F /* SwiftLint */,
			);
			buildRules = (
			);
			dependencies = (
			);
			name = IGListKitExamples;
			productName = IGListKitExamples;
			productReference = 98ED5C171DC52AD400EA56B2 /* IGListKitExamples.app */;
			productType = "com.apple.product-type.application";
		};
/* End PBXNativeTarget section */

/* Begin PBXProject section */
		98ED5C0F1DC52AD300EA56B2 /* Project object */ = {
			isa = PBXProject;
			attributes = {
				LastSwiftUpdateCheck = 0810;
				LastUpgradeCheck = 0900;
				ORGANIZATIONNAME = Instagram;
				TargetAttributes = {
					98ED5C161DC52AD400EA56B2 = {
						CreatedOnToolsVersion = 8.1;
						LastSwiftMigration = 0900;
						ProvisioningStyle = Manual;
					};
				};
			};
			buildConfigurationList = 98ED5C121DC52AD300EA56B2 /* Build configuration list for PBXProject "IGListKitExamples" */;
			compatibilityVersion = "Xcode 3.2";
			developmentRegion = English;
			hasScannedForEncodings = 0;
			knownRegions = (
				en,
				Base,
			);
			mainGroup = 98ED5C0E1DC52AD300EA56B2;
			productRefGroup = 98ED5C181DC52AD400EA56B2 /* Products */;
			projectDirPath = "";
			projectRoot = "";
			targets = (
				98ED5C161DC52AD400EA56B2 /* IGListKitExamples */,
			);
		};
/* End PBXProject section */

/* Begin PBXResourcesBuildPhase section */
		98ED5C151DC52AD400EA56B2 /* Resources */ = {
			isa = PBXResourcesBuildPhase;
			buildActionMask = 2147483647;
			files = (
				98ED5C221DC52AD400EA56B2 /* Assets.xcassets in Resources */,
				98ED5C331DC53B4E00EA56B2 /* CarouselCell.xib in Resources */,
			);
			runOnlyForDeploymentPostprocessing = 0;
		};
/* End PBXResourcesBuildPhase section */

/* Begin PBXShellScriptBuildPhase section */
		056216B820A1E8CAA2C237CC /* [CP] Check Pods Manifest.lock */ = {
			isa = PBXShellScriptBuildPhase;
			buildActionMask = 2147483647;
			files = (
			);
			inputPaths = (
				"${PODS_PODFILE_DIR_PATH}/Podfile.lock",
				"${PODS_ROOT}/Manifest.lock",
			);
			name = "[CP] Check Pods Manifest.lock";
			outputPaths = (
				"$(DERIVED_FILE_DIR)/Pods-IGListKitExamples-checkManifestLockResult.txt",
			);
			runOnlyForDeploymentPostprocessing = 0;
			shellPath = /bin/sh;
			shellScript = "diff \"${PODS_PODFILE_DIR_PATH}/Podfile.lock\" \"${PODS_ROOT}/Manifest.lock\" > /dev/null\nif [ $? != 0 ] ; then\n    # print error to STDERR\n    echo \"error: The sandbox is not in sync with the Podfile.lock. Run 'pod install' or update your CocoaPods installation.\" >&2\n    exit 1\nfi\n# This output is used by Xcode 'outputs' to avoid re-running this script phase.\necho \"SUCCESS\" > \"${SCRIPT_OUTPUT_FILE_0}\"\n";
			showEnvVarsInLog = 0;
		};
		1ECBF3F943F0EFD1FCF6741F /* [CP] Copy Pods Resources */ = {
			isa = PBXShellScriptBuildPhase;
			buildActionMask = 2147483647;
			files = (
			);
			inputPaths = (
			);
			name = "[CP] Copy Pods Resources";
			outputPaths = (
			);
			runOnlyForDeploymentPostprocessing = 0;
			shellPath = /bin/sh;
			shellScript = "\"${SRCROOT}/Pods/Target Support Files/Pods-IGListKitExamples/Pods-IGListKitExamples-resources.sh\"\n";
			showEnvVarsInLog = 0;
		};
		94ED0862BED5FDA44D2DD21D /* [CP] Embed Pods Frameworks */ = {
			isa = PBXShellScriptBuildPhase;
			buildActionMask = 2147483647;
			files = (
			);
			inputPaths = (
				"${SRCROOT}/Pods/Target Support Files/Pods-IGListKitExamples/Pods-IGListKitExamples-frameworks.sh",
				"${BUILT_PRODUCTS_DIR}/IGListKit/IGListKit.framework",
			);
			name = "[CP] Embed Pods Frameworks";
			outputPaths = (
				"${TARGET_BUILD_DIR}/${FRAMEWORKS_FOLDER_PATH}/IGListKit.framework",
			);
			runOnlyForDeploymentPostprocessing = 0;
			shellPath = /bin/sh;
			shellScript = "\"${SRCROOT}/Pods/Target Support Files/Pods-IGListKitExamples/Pods-IGListKitExamples-frameworks.sh\"\n";
			showEnvVarsInLog = 0;
		};
		DC1296C31EC389410043990F /* SwiftLint */ = {
			isa = PBXShellScriptBuildPhase;
			buildActionMask = 2147483647;
			files = (
			);
			inputPaths = (
			);
			name = SwiftLint;
			outputPaths = (
			);
			runOnlyForDeploymentPostprocessing = 0;
			shellPath = /bin/sh;
			shellScript = "../../scripts/lint.sh\n";
		};
/* End PBXShellScriptBuildPhase section */

/* Begin PBXSourcesBuildPhase section */
		98ED5C131DC52AD400EA56B2 /* Sources */ = {
			isa = PBXSourcesBuildPhase;
			buildActionMask = 2147483647;
			files = (
				298D91C51DDF81DB00E70CAD /* NSObject+IGListDiffable.swift in Sources */,
				98ED5C1D1DC52AD400EA56B2 /* DemosViewController.swift in Sources */,
				98ED5C1B1DC52AD400EA56B2 /* AppDelegate.swift in Sources */,
				98ED5C391DC53D0B00EA56B2 /* LabelCell.swift in Sources */,
				98ED5C2F1DC52F3B00EA56B2 /* DemoCell.swift in Sources */,
				98ED5C3F1DC53EB200EA56B2 /* CarouselSectionController.swift in Sources */,
				98ED5C2D1DC52E7F00EA56B2 /* DemoSectionController.swift in Sources */,
				98ED5C321DC53B4E00EA56B2 /* CarouselCell.swift in Sources */,
				98ED5C3D1DC53E5600EA56B2 /* EmbeddedCollectionViewCell.swift in Sources */,
				98ED5C371DC53CEE00EA56B2 /* LabelSectionController.swift in Sources */,
				98ED5C351DC53C4000EA56B2 /* NestedAdapterViewController.swift in Sources */,
				98ED5C3B1DC53DD000EA56B2 /* HorizontalSectionController.swift in Sources */,
			);
			runOnlyForDeploymentPostprocessing = 0;
		};
/* End PBXSourcesBuildPhase section */

/* Begin XCBuildConfiguration section */
		98ED5C241DC52AD400EA56B2 /* Debug */ = {
			isa = XCBuildConfiguration;
			buildSettings = {
				ALWAYS_SEARCH_USER_PATHS = NO;
				CLANG_ANALYZER_NONNULL = YES;
				CLANG_CXX_LANGUAGE_STANDARD = "gnu++0x";
				CLANG_CXX_LIBRARY = "libc++";
				CLANG_ENABLE_MODULES = YES;
				CLANG_ENABLE_OBJC_ARC = YES;
				CLANG_WARN_BLOCK_CAPTURE_AUTORELEASING = YES;
				CLANG_WARN_BOOL_CONVERSION = YES;
				CLANG_WARN_COMMA = YES;
				CLANG_WARN_CONSTANT_CONVERSION = YES;
				CLANG_WARN_DIRECT_OBJC_ISA_USAGE = YES_ERROR;
				CLANG_WARN_DOCUMENTATION_COMMENTS = YES;
				CLANG_WARN_EMPTY_BODY = YES;
				CLANG_WARN_ENUM_CONVERSION = YES;
				CLANG_WARN_INFINITE_RECURSION = YES;
				CLANG_WARN_INT_CONVERSION = YES;
				CLANG_WARN_NON_LITERAL_NULL_CONVERSION = YES;
				CLANG_WARN_OBJC_LITERAL_CONVERSION = YES;
				CLANG_WARN_OBJC_ROOT_CLASS = YES_ERROR;
				CLANG_WARN_RANGE_LOOP_ANALYSIS = YES;
				CLANG_WARN_STRICT_PROTOTYPES = YES;
				CLANG_WARN_SUSPICIOUS_MOVE = YES;
				CLANG_WARN_SUSPICIOUS_MOVES = YES;
				CLANG_WARN_UNREACHABLE_CODE = YES;
				CLANG_WARN__DUPLICATE_METHOD_MATCH = YES;
				COPY_PHASE_STRIP = NO;
				DEBUG_INFORMATION_FORMAT = dwarf;
				ENABLE_STRICT_OBJC_MSGSEND = YES;
				ENABLE_TESTABILITY = YES;
				GCC_C_LANGUAGE_STANDARD = gnu99;
				GCC_DYNAMIC_NO_PIC = NO;
				GCC_NO_COMMON_BLOCKS = YES;
				GCC_OPTIMIZATION_LEVEL = 0;
				GCC_PREPROCESSOR_DEFINITIONS = (
					"DEBUG=1",
					"$(inherited)",
				);
				GCC_WARN_64_TO_32_BIT_CONVERSION = YES;
				GCC_WARN_ABOUT_RETURN_TYPE = YES_ERROR;
				GCC_WARN_UNDECLARED_SELECTOR = YES;
				GCC_WARN_UNINITIALIZED_AUTOS = YES_AGGRESSIVE;
				GCC_WARN_UNUSED_FUNCTION = YES;
				GCC_WARN_UNUSED_VARIABLE = YES;
				MTL_ENABLE_DEBUG_INFO = YES;
				ONLY_ACTIVE_ARCH = YES;
				SDKROOT = appletvos;
				SWIFT_ACTIVE_COMPILATION_CONDITIONS = DEBUG;
				SWIFT_OPTIMIZATION_LEVEL = "-Onone";
				TARGETED_DEVICE_FAMILY = 3;
				TVOS_DEPLOYMENT_TARGET = 10.0;
			};
			name = Debug;
		};
		98ED5C251DC52AD400EA56B2 /* Release */ = {
			isa = XCBuildConfiguration;
			buildSettings = {
				ALWAYS_SEARCH_USER_PATHS = NO;
				CLANG_ANALYZER_NONNULL = YES;
				CLANG_CXX_LANGUAGE_STANDARD = "gnu++0x";
				CLANG_CXX_LIBRARY = "libc++";
				CLANG_ENABLE_MODULES = YES;
				CLANG_ENABLE_OBJC_ARC = YES;
				CLANG_WARN_BLOCK_CAPTURE_AUTORELEASING = YES;
				CLANG_WARN_BOOL_CONVERSION = YES;
				CLANG_WARN_COMMA = YES;
				CLANG_WARN_CONSTANT_CONVERSION = YES;
				CLANG_WARN_DIRECT_OBJC_ISA_USAGE = YES_ERROR;
				CLANG_WARN_DOCUMENTATION_COMMENTS = YES;
				CLANG_WARN_EMPTY_BODY = YES;
				CLANG_WARN_ENUM_CONVERSION = YES;
				CLANG_WARN_INFINITE_RECURSION = YES;
				CLANG_WARN_INT_CONVERSION = YES;
				CLANG_WARN_NON_LITERAL_NULL_CONVERSION = YES;
				CLANG_WARN_OBJC_LITERAL_CONVERSION = YES;
				CLANG_WARN_OBJC_ROOT_CLASS = YES_ERROR;
				CLANG_WARN_RANGE_LOOP_ANALYSIS = YES;
				CLANG_WARN_STRICT_PROTOTYPES = YES;
				CLANG_WARN_SUSPICIOUS_MOVE = YES;
				CLANG_WARN_SUSPICIOUS_MOVES = YES;
				CLANG_WARN_UNREACHABLE_CODE = YES;
				CLANG_WARN__DUPLICATE_METHOD_MATCH = YES;
				COPY_PHASE_STRIP = NO;
				DEBUG_INFORMATION_FORMAT = "dwarf-with-dsym";
				ENABLE_NS_ASSERTIONS = NO;
				ENABLE_STRICT_OBJC_MSGSEND = YES;
				GCC_C_LANGUAGE_STANDARD = gnu99;
				GCC_NO_COMMON_BLOCKS = YES;
				GCC_WARN_64_TO_32_BIT_CONVERSION = YES;
				GCC_WARN_ABOUT_RETURN_TYPE = YES_ERROR;
				GCC_WARN_UNDECLARED_SELECTOR = YES;
				GCC_WARN_UNINITIALIZED_AUTOS = YES_AGGRESSIVE;
				GCC_WARN_UNUSED_FUNCTION = YES;
				GCC_WARN_UNUSED_VARIABLE = YES;
				MTL_ENABLE_DEBUG_INFO = NO;
				SDKROOT = appletvos;
				SWIFT_OPTIMIZATION_LEVEL = "-Owholemodule";
				TARGETED_DEVICE_FAMILY = 3;
				TVOS_DEPLOYMENT_TARGET = 10.0;
				VALIDATE_PRODUCT = YES;
			};
			name = Release;
		};
		98ED5C271DC52AD400EA56B2 /* Debug */ = {
			isa = XCBuildConfiguration;
			baseConfigurationReference = 030636205824E1C56763A545 /* Pods-IGListKitExamples.debug.xcconfig */;
			buildSettings = {
				ASSETCATALOG_COMPILER_APPICON_NAME = "App Icon & Top Shelf Image";
				ASSETCATALOG_COMPILER_LAUNCHIMAGE_NAME = LaunchImage;
				"CODE_SIGN_IDENTITY[sdk=appletvos*]" = "iPhone Developer";
				DEVELOPMENT_TEAM = "";
				INFOPLIST_FILE = IGListKitExamples/Info.plist;
				LD_RUNPATH_SEARCH_PATHS = "$(inherited) @executable_path/Frameworks";
				PRODUCT_BUNDLE_IDENTIFIER = com.instagram.IGListKitExamples;
				PRODUCT_NAME = "$(TARGET_NAME)";
				SWIFT_VERSION = 4.0;
				TVOS_DEPLOYMENT_TARGET = 9.0;
			};
			name = Debug;
		};
		98ED5C281DC52AD400EA56B2 /* Release */ = {
			isa = XCBuildConfiguration;
			baseConfigurationReference = 365F970D8695E37EA77E52A6 /* Pods-IGListKitExamples.release.xcconfig */;
			buildSettings = {
				ASSETCATALOG_COMPILER_APPICON_NAME = "App Icon & Top Shelf Image";
				ASSETCATALOG_COMPILER_LAUNCHIMAGE_NAME = LaunchImage;
				"CODE_SIGN_IDENTITY[sdk=appletvos*]" = "iPhone Developer";
				DEVELOPMENT_TEAM = "";
				INFOPLIST_FILE = IGListKitExamples/Info.plist;
				LD_RUNPATH_SEARCH_PATHS = "$(inherited) @executable_path/Frameworks";
				PRODUCT_BUNDLE_IDENTIFIER = com.instagram.IGListKitExamples;
				PRODUCT_NAME = "$(TARGET_NAME)";
				SWIFT_VERSION = 4.0;
				TVOS_DEPLOYMENT_TARGET = 9.0;
			};
			name = Release;
		};
/* End XCBuildConfiguration section */

/* Begin XCConfigurationList section */
		98ED5C121DC52AD300EA56B2 /* Build configuration list for PBXProject "IGListKitExamples" */ = {
			isa = XCConfigurationList;
			buildConfigurations = (
				98ED5C241DC52AD400EA56B2 /* Debug */,
				98ED5C251DC52AD400EA56B2 /* Release */,
			);
			defaultConfigurationIsVisible = 0;
			defaultConfigurationName = Release;
		};
		98ED5C261DC52AD400EA56B2 /* Build configuration list for PBXNativeTarget "IGListKitExamples" */ = {
			isa = XCConfigurationList;
			buildConfigurations = (
				98ED5C271DC52AD400EA56B2 /* Debug */,
				98ED5C281DC52AD400EA56B2 /* Release */,
			);
			defaultConfigurationIsVisible = 0;
			defaultConfigurationName = Release;
		};
/* End XCConfigurationList section */
	};
	rootObject = 98ED5C0F1DC52AD300EA56B2 /* Project object */;
}
