PODS:
  - IGListKit (3.1.0):
    - IGListKit/Default (= 3.1.0)
  - IGListKit/Default (3.1.0):
    - IGListKit/Diffing
  - IGListKit/Diffing (3.1.0)

DEPENDENCIES:
  - IGListKit (from `../../IGListKit.podspec`)

EXTERNAL SOURCES:
  IGListKit:
    :path: ../../IGListKit.podspec

SPEC CHECKSUMS:
  IGListKit: 5065cb595903016ca42ed52fc0f9cd3b13170bff

PODFILE CHECKSUM: f68cec0d93efa38d42ede50dfe01309d83664d56

COCOAPODS: 1.3.1
