PODS:
  - IGListKit (3.4.0):
    - IGListKit/Default (= 3.4.0)
  - IGListKit/Default (3.4.0):
    - IGListKit/Diffing
  - IGListKit/Diffing (3.4.0)

DEPENDENCIES:
  - IGListKit (from `../../IGListKit.podspec`)

EXTERNAL SOURCES:
  IGListKit:
    :path: ../../IGListKit.podspec

SPEC CHECKSUMS:
  IGListKit: 8943b26dda56f8ab2ec7caba63eae49d31495a2a

PODFILE CHECKSUM: f68cec0d93efa38d42ede50dfe01309d83664d56

COCOAPODS: 1.4.0
