// !$*UTF8*$!
{
	archiveVersion = 1;
	classes = {
	};
	objectVersion = 46;
	objects = {

/* Begin PBXBuildFile section */
		295E9EF61F4720E700483EF6 /* AppDelegate.swift in Sources */ = {isa = PBXBuildFile; fileRef = 295E9EF51F4720E700483EF6 /* AppDelegate.swift */; };
		295E9EF81F4720E700483EF6 /* ViewController.swift in Sources */ = {isa = PBXBuildFile; fileRef = 295E9EF71F4720E700483EF6 /* ViewController.swift */; };
		295E9EFB1F4720E700483EF6 /* Main.storyboard in Resources */ = {isa = PBXBuildFile; fileRef = 295E9EF91F4720E700483EF6 /* Main.storyboard */; };
		295E9EFD1F4720E700483EF6 /* Assets.xcassets in Resources */ = {isa = PBXBuildFile; fileRef = 295E9EFC1F4720E700483EF6 /* Assets.xcassets */; };
		295E9F001F4720E700483EF6 /* LaunchScreen.storyboard in Resources */ = {isa = PBXBuildFile; fileRef = 295E9EFE1F4720E700483EF6 /* LaunchScreen.storyboard */; };
		295E9F081F472A6900483EF6 /* UserCell.swift in Sources */ = {isa = PBXBuildFile; fileRef = 295E9F071F472A6900483EF6 /* UserCell.swift */; };
		295E9F0A1F472A6D00483EF6 /* ImageCell.swift in Sources */ = {isa = PBXBuildFile; fileRef = 295E9F091F472A6D00483EF6 /* ImageCell.swift */; };
		295E9F0C1F472A7600483EF6 /* ActionCell.swift in Sources */ = {isa = PBXBuildFile; fileRef = 295E9F0B1F472A7600483EF6 /* ActionCell.swift */; };
		295E9F0E1F472A7B00483EF6 /* CommentCell.swift in Sources */ = {isa = PBXBuildFile; fileRef = 295E9F0D1F472A7B00483EF6 /* CommentCell.swift */; };
		3FDA58630A9BF93DD1102C31 /* Pods_ModelingAndBinding.framework in Frameworks */ = {isa = PBXBuildFile; fileRef = BB123E4D0D0C17DDF5BF53B3 /* Pods_ModelingAndBinding.framework */; };
/* End PBXBuildFile section */

/* Begin PBXFileReference section */
		295E9EF21F4720E700483EF6 /* ModelingAndBinding.app */ = {isa = PBXFileReference; explicitFileType = wrapper.application; includeInIndex = 0; path = ModelingAndBinding.app; sourceTree = BUILT_PRODUCTS_DIR; };
		295E9EF51F4720E700483EF6 /* AppDelegate.swift */ = {isa = PBXFileReference; lastKnownFileType = sourcecode.swift; path = AppDelegate.swift; sourceTree = "<group>"; };
		295E9EF71F4720E700483EF6 /* ViewController.swift */ = {isa = PBXFileReference; lastKnownFileType = sourcecode.swift; path = ViewController.swift; sourceTree = "<group>"; };
		295E9EFA1F4720E700483EF6 /* Base */ = {isa = PBXFileReference; lastKnownFileType = file.storyboard; name = Base; path = Base.lproj/Main.storyboard; sourceTree = "<group>"; };
		295E9EFC1F4720E700483EF6 /* Assets.xcassets */ = {isa = PBXFileReference; lastKnownFileType = folder.assetcatalog; path = Assets.xcassets; sourceTree = "<group>"; };
		295E9EFF1F4720E700483EF6 /* Base */ = {isa = PBXFileReference; lastKnownFileType = file.storyboard; name = Base; path = Base.lproj/LaunchScreen.storyboard; sourceTree = "<group>"; };
		295E9F011F4720E700483EF6 /* Info.plist */ = {isa = PBXFileReference; lastKnownFileType = text.plist.xml; path = Info.plist; sourceTree = "<group>"; };
		295E9F071F472A6900483EF6 /* UserCell.swift */ = {isa = PBXFileReference; fileEncoding = 4; lastKnownFileType = sourcecode.swift; path = UserCell.swift; sourceTree = "<group>"; };
		295E9F091F472A6D00483EF6 /* ImageCell.swift */ = {isa = PBXFileReference; fileEncoding = 4; lastKnownFileType = sourcecode.swift; path = ImageCell.swift; sourceTree = "<group>"; };
		295E9F0B1F472A7600483EF6 /* ActionCell.swift */ = {isa = PBXFileReference; fileEncoding = 4; lastKnownFileType = sourcecode.swift; path = ActionCell.swift; sourceTree = "<group>"; };
		295E9F0D1F472A7B00483EF6 /* CommentCell.swift */ = {isa = PBXFileReference; fileEncoding = 4; lastKnownFileType = sourcecode.swift; path = CommentCell.swift; sourceTree = "<group>"; };
		48035BB311269F14D70929DB /* Pods-ModelingAndBinding.debug.xcconfig */ = {isa = PBXFileReference; includeInIndex = 1; lastKnownFileType = text.xcconfig; name = "Pods-ModelingAndBinding.debug.xcconfig"; path = "Pods/Target Support Files/Pods-ModelingAndBinding/Pods-ModelingAndBinding.debug.xcconfig"; sourceTree = "<group>"; };
		BB123E4D0D0C17DDF5BF53B3 /* Pods_ModelingAndBinding.framework */ = {isa = PBXFileReference; explicitFileType = wrapper.framework; includeInIndex = 0; path = Pods_ModelingAndBinding.framework; sourceTree = BUILT_PRODUCTS_DIR; };
		BE992874CA156426DAB496C9 /* Pods-ModelingAndBinding.release.xcconfig */ = {isa = PBXFileReference; includeInIndex = 1; lastKnownFileType = text.xcconfig; name = "Pods-ModelingAndBinding.release.xcconfig"; path = "Pods/Target Support Files/Pods-ModelingAndBinding/Pods-ModelingAndBinding.release.xcconfig"; sourceTree = "<group>"; };
/* End PBXFileReference section */

/* Begin PBXFrameworksBuildPhase section */
		295E9EEF1F4720E700483EF6 /* Frameworks */ = {
			isa = PBXFrameworksBuildPhase;
			buildActionMask = 2147483647;
			files = (
				3FDA58630A9BF93DD1102C31 /* Pods_ModelingAndBinding.framework in Frameworks */,
			);
			runOnlyForDeploymentPostprocessing = 0;
		};
/* End PBXFrameworksBuildPhase section */

/* Begin PBXGroup section */
		295E9EE91F4720E700483EF6 = {
			isa = PBXGroup;
			children = (
				295E9EF41F4720E700483EF6 /* ModelingAndBinding */,
				295E9EF31F4720E700483EF6 /* Products */,
				BBBA2BD88E6FD9CAD9C7CBF0 /* Pods */,
				399E57BAD3F26710657ABE6B /* Frameworks */,
			);
			sourceTree = "<group>";
		};
		295E9EF31F4720E700483EF6 /* Products */ = {
			isa = PBXGroup;
			children = (
				295E9EF21F4720E700483EF6 /* ModelingAndBinding.app */,
			);
			name = Products;
			sourceTree = "<group>";
		};
		295E9EF41F4720E700483EF6 /* ModelingAndBinding */ = {
			isa = PBXGroup;
			children = (
				295E9EF51F4720E700483EF6 /* AppDelegate.swift */,
				295E9EF71F4720E700483EF6 /* ViewController.swift */,
				295E9F071F472A6900483EF6 /* UserCell.swift */,
				295E9F091F472A6D00483EF6 /* ImageCell.swift */,
				295E9F0B1F472A7600483EF6 /* ActionCell.swift */,
				295E9F0D1F472A7B00483EF6 /* CommentCell.swift */,
				295E9EF91F4720E700483EF6 /* Main.storyboard */,
				295E9EFC1F4720E700483EF6 /* Assets.xcassets */,
				295E9EFE1F4720E700483EF6 /* LaunchScreen.storyboard */,
				295E9F011F4720E700483EF6 /* Info.plist */,
			);
			path = ModelingAndBinding;
			sourceTree = "<group>";
		};
		399E57BAD3F26710657ABE6B /* Frameworks */ = {
			isa = PBXGroup;
			children = (
				BB123E4D0D0C17DDF5BF53B3 /* Pods_ModelingAndBinding.framework */,
			);
			name = Frameworks;
			sourceTree = "<group>";
		};
		BBBA2BD88E6FD9CAD9C7CBF0 /* Pods */ = {
			isa = PBXGroup;
			children = (
				48035BB311269F14D70929DB /* Pods-ModelingAndBinding.debug.xcconfig */,
				BE992874CA156426DAB496C9 /* Pods-ModelingAndBinding.release.xcconfig */,
			);
			name = Pods;
			sourceTree = "<group>";
		};
/* End PBXGroup section */

/* Begin PBXNativeTarget section */
		295E9EF11F4720E700483EF6 /* ModelingAndBinding */ = {
			isa = PBXNativeTarget;
			buildConfigurationList = 295E9F041F4720E700483EF6 /* Build configuration list for PBXNativeTarget "ModelingAndBinding" */;
			buildPhases = (
				96AE0358437DB52C8D00D981 /* [CP] Check Pods Manifest.lock */,
				295E9EEE1F4720E700483EF6 /* Sources */,
				295E9EEF1F4720E700483EF6 /* Frameworks */,
				295E9EF01F4720E700483EF6 /* Resources */,
				3983458F33A6B6936EBEE8FB /* [CP] Embed Pods Frameworks */,
				908A5659B65F677976A1CD44 /* [CP] Copy Pods Resources */,
			);
			buildRules = (
			);
			dependencies = (
			);
			name = ModelingAndBinding;
			productName = ModelingAndBinding;
			productReference = 295E9EF21F4720E700483EF6 /* ModelingAndBinding.app */;
			productType = "com.apple.product-type.application";
		};
/* End PBXNativeTarget section */

/* Begin PBXProject section */
		295E9EEA1F4720E700483EF6 /* Project object */ = {
			isa = PBXProject;
			attributes = {
				LastSwiftUpdateCheck = 0830;
				LastUpgradeCheck = 0830;
				ORGANIZATIONNAME = "Ryan Nystrom";
				TargetAttributes = {
					295E9EF11F4720E700483EF6 = {
						CreatedOnToolsVersion = 8.3.3;
						DevelopmentTeam = 523C4DWBTH;
						ProvisioningStyle = Automatic;
					};
				};
			};
			buildConfigurationList = 295E9EED1F4720E700483EF6 /* Build configuration list for PBXProject "ModelingAndBinding" */;
			compatibilityVersion = "Xcode 3.2";
			developmentRegion = English;
			hasScannedForEncodings = 0;
			knownRegions = (
				en,
				Base,
			);
			mainGroup = 295E9EE91F4720E700483EF6;
			productRefGroup = 295E9EF31F4720E700483EF6 /* Products */;
			projectDirPath = "";
			projectRoot = "";
			targets = (
				295E9EF11F4720E700483EF6 /* ModelingAndBinding */,
			);
		};
/* End PBXProject section */

/* Begin PBXResourcesBuildPhase section */
		295E9EF01F4720E700483EF6 /* Resources */ = {
			isa = PBXResourcesBuildPhase;
			buildActionMask = 2147483647;
			files = (
				295E9F001F4720E700483EF6 /* LaunchScreen.storyboard in Resources */,
				295E9EFD1F4720E700483EF6 /* Assets.xcassets in Resources */,
				295E9EFB1F4720E700483EF6 /* Main.storyboard in Resources */,
			);
			runOnlyForDeploymentPostprocessing = 0;
		};
/* End PBXResourcesBuildPhase section */

/* Begin PBXShellScriptBuildPhase section */
		3983458F33A6B6936EBEE8FB /* [CP] Embed Pods Frameworks */ = {
			isa = PBXShellScriptBuildPhase;
			buildActionMask = 2147483647;
			files = (
			);
			inputPaths = (
				"${SRCROOT}/Pods/Target Support Files/Pods-ModelingAndBinding/Pods-ModelingAndBinding-frameworks.sh",
				"${BUILT_PRODUCTS_DIR}/IGListKit/IGListKit.framework",
				"${BUILT_PRODUCTS_DIR}/SDWebImage/SDWebImage.framework",
			);
			name = "[CP] Embed Pods Frameworks";
			outputPaths = (
				"${TARGET_BUILD_DIR}/${FRAMEWORKS_FOLDER_PATH}/IGListKit.framework",
				"${TARGET_BUILD_DIR}/${FRAMEWORKS_FOLDER_PATH}/SDWebImage.framework",
			);
			runOnlyForDeploymentPostprocessing = 0;
			shellPath = /bin/sh;
			shellScript = "\"${SRCROOT}/Pods/Target Support Files/Pods-ModelingAndBinding/Pods-ModelingAndBinding-frameworks.sh\"\n";
			showEnvVarsInLog = 0;
		};
		908A5659B65F677976A1CD44 /* [CP] Copy Pods Resources */ = {
			isa = PBXShellScriptBuildPhase;
			buildActionMask = 2147483647;
			files = (
			);
			inputPaths = (
			);
			name = "[CP] Copy Pods Resources";
			outputPaths = (
			);
			runOnlyForDeploymentPostprocessing = 0;
			shellPath = /bin/sh;
			shellScript = "\"${SRCROOT}/Pods/Target Support Files/Pods-ModelingAndBinding/Pods-ModelingAndBinding-resources.sh\"\n";
			showEnvVarsInLog = 0;
		};
		96AE0358437DB52C8D00D981 /* [CP] Check Pods Manifest.lock */ = {
			isa = PBXShellScriptBuildPhase;
			buildActionMask = 2147483647;
			files = (
			);
			inputPaths = (
				"${PODS_PODFILE_DIR_PATH}/Podfile.lock",
				"${PODS_ROOT}/Manifest.lock",
			);
			name = "[CP] Check Pods Manifest.lock";
			outputPaths = (
				"$(DERIVED_FILE_DIR)/Pods-ModelingAndBinding-checkManifestLockResult.txt",
			);
			runOnlyForDeploymentPostprocessing = 0;
			shellPath = /bin/sh;
			shellScript = "diff \"${PODS_PODFILE_DIR_PATH}/Podfile.lock\" \"${PODS_ROOT}/Manifest.lock\" > /dev/null\nif [ $? != 0 ] ; then\n    # print error to STDERR\n    echo \"error: The sandbox is not in sync with the Podfile.lock. Run 'pod install' or update your CocoaPods installation.\" >&2\n    exit 1\nfi\n# This output is used by Xcode 'outputs' to avoid re-running this script phase.\necho \"SUCCESS\" > \"${SCRIPT_OUTPUT_FILE_0}\"\n";
			showEnvVarsInLog = 0;
		};
/* End PBXShellScriptBuildPhase section */

/* Begin PBXSourcesBuildPhase section */
		295E9EEE1F4720E700483EF6 /* Sources */ = {
			isa = PBXSourcesBuildPhase;
			buildActionMask = 2147483647;
			files = (
				295E9EF81F4720E700483EF6 /* ViewController.swift in Sources */,
				295E9F0C1F472A7600483EF6 /* ActionCell.swift in Sources */,
				295E9F0A1F472A6D00483EF6 /* ImageCell.swift in Sources */,
				295E9EF61F4720E700483EF6 /* AppDelegate.swift in Sources */,
				295E9F081F472A6900483EF6 /* UserCell.swift in Sources */,
				295E9F0E1F472A7B00483EF6 /* CommentCell.swift in Sources */,
			);
			runOnlyForDeploymentPostprocessing = 0;
		};
/* End PBXSourcesBuildPhase section */

/* Begin PBXVariantGroup section */
		295E9EF91F4720E700483EF6 /* Main.storyboard */ = {
			isa = PBXVariantGroup;
			children = (
				295E9EFA1F4720E700483EF6 /* Base */,
			);
			name = Main.storyboard;
			sourceTree = "<group>";
		};
		295E9EFE1F4720E700483EF6 /* LaunchScreen.storyboard */ = {
			isa = PBXVariantGroup;
			children = (
				295E9EFF1F4720E700483EF6 /* Base */,
			);
			name = LaunchScreen.storyboard;
			sourceTree = "<group>";
		};
/* End PBXVariantGroup section */

/* Begin XCBuildConfiguration section */
		295E9F021F4720E700483EF6 /* Debug */ = {
			isa = XCBuildConfiguration;
			buildSettings = {
				ALWAYS_SEARCH_USER_PATHS = NO;
				CLANG_ANALYZER_NONNULL = YES;
				CLANG_ANALYZER_NUMBER_OBJECT_CONVERSION = YES_AGGRESSIVE;
				CLANG_CXX_LANGUAGE_STANDARD = "gnu++0x";
				CLANG_CXX_LIBRARY = "libc++";
				CLANG_ENABLE_MODULES = YES;
				CLANG_ENABLE_OBJC_ARC = YES;
				CLANG_WARN_BOOL_CONVERSION = YES;
				CLANG_WARN_CONSTANT_CONVERSION = YES;
				CLANG_WARN_DIRECT_OBJC_ISA_USAGE = YES_ERROR;
				CLANG_WARN_DOCUMENTATION_COMMENTS = YES;
				CLANG_WARN_EMPTY_BODY = YES;
				CLANG_WARN_ENUM_CONVERSION = YES;
				CLANG_WARN_INFINITE_RECURSION = YES;
				CLANG_WARN_INT_CONVERSION = YES;
				CLANG_WARN_OBJC_ROOT_CLASS = YES_ERROR;
				CLANG_WARN_SUSPICIOUS_MOVE = YES;
				CLANG_WARN_UNREACHABLE_CODE = YES;
				CLANG_WARN__DUPLICATE_METHOD_MATCH = YES;
				"CODE_SIGN_IDENTITY[sdk=iphoneos*]" = "iPhone Developer";
				COPY_PHASE_STRIP = NO;
				DEBUG_INFORMATION_FORMAT = dwarf;
				ENABLE_STRICT_OBJC_MSGSEND = YES;
				ENABLE_TESTABILITY = YES;
				GCC_C_LANGUAGE_STANDARD = gnu99;
				GCC_DYNAMIC_NO_PIC = NO;
				GCC_NO_COMMON_BLOCKS = YES;
				GCC_OPTIMIZATION_LEVEL = 0;
				GCC_PREPROCESSOR_DEFINITIONS = (
					"DEBUG=1",
					"$(inherited)",
				);
				GCC_WARN_64_TO_32_BIT_CONVERSION = YES;
				GCC_WARN_ABOUT_RETURN_TYPE = YES_ERROR;
				GCC_WARN_UNDECLARED_SELECTOR = YES;
				GCC_WARN_UNINITIALIZED_AUTOS = YES_AGGRESSIVE;
				GCC_WARN_UNUSED_FUNCTION = YES;
				GCC_WARN_UNUSED_VARIABLE = YES;
				IPHONEOS_DEPLOYMENT_TARGET = 10.3;
				MTL_ENABLE_DEBUG_INFO = YES;
				ONLY_ACTIVE_ARCH = YES;
				SDKROOT = iphoneos;
				SWIFT_ACTIVE_COMPILATION_CONDITIONS = DEBUG;
				SWIFT_OPTIMIZATION_LEVEL = "-Onone";
			};
			name = Debug;
		};
		295E9F031F4720E700483EF6 /* Release */ = {
			isa = XCBuildConfiguration;
			buildSettings = {
				ALWAYS_SEARCH_USER_PATHS = NO;
				CLANG_ANALYZER_NONNULL = YES;
				CLANG_ANALYZER_NUMBER_OBJECT_CONVERSION = YES_AGGRESSIVE;
				CLANG_CXX_LANGUAGE_STANDARD = "gnu++0x";
				CLANG_CXX_LIBRARY = "libc++";
				CLANG_ENABLE_MODULES = YES;
				CLANG_ENABLE_OBJC_ARC = YES;
				CLANG_WARN_BOOL_CONVERSION = YES;
				CLANG_WARN_CONSTANT_CONVERSION = YES;
				CLANG_WARN_DIRECT_OBJC_ISA_USAGE = YES_ERROR;
				CLANG_WARN_DOCUMENTATION_COMMENTS = YES;
				CLANG_WARN_EMPTY_BODY = YES;
				CLANG_WARN_ENUM_CONVERSION = YES;
				CLANG_WARN_INFINITE_RECURSION = YES;
				CLANG_WARN_INT_CONVERSION = YES;
				CLANG_WARN_OBJC_ROOT_CLASS = YES_ERROR;
				CLANG_WARN_SUSPICIOUS_MOVE = YES;
				CLANG_WARN_UNREACHABLE_CODE = YES;
				CLANG_WARN__DUPLICATE_METHOD_MATCH = YES;
				"CODE_SIGN_IDENTITY[sdk=iphoneos*]" = "iPhone Developer";
				COPY_PHASE_STRIP = NO;
				DEBUG_INFORMATION_FORMAT = "dwarf-with-dsym";
				ENABLE_NS_ASSERTIONS = NO;
				ENABLE_STRICT_OBJC_MSGSEND = YES;
				GCC_C_LANGUAGE_STANDARD = gnu99;
				GCC_NO_COMMON_BLOCKS = YES;
				GCC_WARN_64_TO_32_BIT_CONVERSION = YES;
				GCC_WARN_ABOUT_RETURN_TYPE = YES_ERROR;
				GCC_WARN_UNDECLARED_SELECTOR = YES;
				GCC_WARN_UNINITIALIZED_AUTOS = YES_AGGRESSIVE;
				GCC_WARN_UNUSED_FUNCTION = YES;
				GCC_WARN_UNUSED_VARIABLE = YES;
				IPHONEOS_DEPLOYMENT_TARGET = 10.3;
				MTL_ENABLE_DEBUG_INFO = NO;
				SDKROOT = iphoneos;
				SWIFT_OPTIMIZATION_LEVEL = "-Owholemodule";
				VALIDATE_PRODUCT = YES;
			};
			name = Release;
		};
		295E9F051F4720E700483EF6 /* Debug */ = {
			isa = XCBuildConfiguration;
			baseConfigurationReference = 48035BB311269F14D70929DB /* Pods-ModelingAndBinding.debug.xcconfig */;
			buildSettings = {
				ASSETCATALOG_COMPILER_APPICON_NAME = AppIcon;
				DEVELOPMENT_TEAM = 523C4DWBTH;
				INFOPLIST_FILE = ModelingAndBinding/Info.plist;
				LD_RUNPATH_SEARCH_PATHS = "$(inherited) @executable_path/Frameworks";
				PRODUCT_BUNDLE_IDENTIFIER = com.instagram.ModelingAndBinding;
				PRODUCT_NAME = "$(TARGET_NAME)";
				SWIFT_VERSION = 3.0;
			};
			name = Debug;
		};
		295E9F061F4720E700483EF6 /* Release */ = {
			isa = XCBuildConfiguration;
			baseConfigurationReference = BE992874CA156426DAB496C9 /* Pods-ModelingAndBinding.release.xcconfig */;
			buildSettings = {
				ASSETCATALOG_COMPILER_APPICON_NAME = AppIcon;
				DEVELOPMENT_TEAM = 523C4DWBTH;
				INFOPLIST_FILE = ModelingAndBinding/Info.plist;
				LD_RUNPATH_SEARCH_PATHS = "$(inherited) @executable_path/Frameworks";
				PRODUCT_BUNDLE_IDENTIFIER = com.instagram.ModelingAndBinding;
				PRODUCT_NAME = "$(TARGET_NAME)";
				SWIFT_VERSION = 3.0;
			};
			name = Release;
		};
/* End XCBuildConfiguration section */

/* Begin XCConfigurationList section */
		295E9EED1F4720E700483EF6 /* Build configuration list for PBXProject "ModelingAndBinding" */ = {
			isa = XCConfigurationList;
			buildConfigurations = (
				295E9F021F4720E700483EF6 /* Debug */,
				295E9F031F4720E700483EF6 /* Release */,
			);
			defaultConfigurationIsVisible = 0;
			defaultConfigurationName = Release;
		};
		295E9F041F4720E700483EF6 /* Build configuration list for PBXNativeTarget "ModelingAndBinding" */ = {
			isa = XCConfigurationList;
			buildConfigurations = (
				295E9F051F4720E700483EF6 /* Debug */,
				295E9F061F4720E700483EF6 /* Release */,
			);
			defaultConfigurationIsVisible = 0;
			defaultConfigurationName = Release;
		};
/* End XCConfigurationList section */
	};
	rootObject = 295E9EEA1F4720E700483EF6 /* Project object */;
}
